
Microsoft Visual Studio Solution File, Format Version 12.00
# Visual Studio Version 16
VisualStudioVersion = 16.0.29411.108
MinimumVisualStudioVersion = 10.0.40219.1
Project("{8BC9CEB8-8B4A-11D0-8D11-00A0C91BC942}") = "heclib_c", "heclib\heclib_c\heclib_c.vcxproj", "{DD025A40-2426-4CCE-B43A-380466B80A9A}"
EndProject
Project("{8BC9CEB8-8B4A-11D0-8D11-00A0C91BC942}") = "javaHeclib", "heclib\javaHeclib\javaHeclib.vcxproj", "{2CB4806F-7544-4788-93EC-A9D19AB8ECEA}"
	ProjectSection(ProjectDependencies) = postProject
		{DD025A40-2426-4CCE-B43A-380466B80A9A} = {DD025A40-2426-4CCE-B43A-380466B80A9A}
		{1E14E295-2F41-4E4E-A7CB-8C0A689A862B} = {1E14E295-2F41-4E4E-A7CB-8C0A689A862B}
		{CA614CEF-1ADF-4D64-A926-2F725EE07697} = {CA614CEF-1ADF-4D64-A926-2F725EE07697}
	EndProjectSection
EndProject
Project("{6989167D-11E4-40FE-8C1A-2192A86A7E90}") = "heclib_f", "heclib\heclib_f\heclib_f.vfproj", "{1E14E295-2F41-4E4E-A7CB-8C0A689A862B}"
EndProject
Project("{2150E333-8FDC-42A3-9474-1A3956D46DE8}") = "test", "test", "{9A22C444-4DFB-41FC-B22B-4BE01FA80546}"
	ProjectSection(SolutionItems) = preProject
		test\java_examples.bat = test\java_examples.bat
		test\Java\run-junit = test\Java\run-junit
		test\test_c.bat = test\test_c.bat
		test\test_Dss-C.bat = test\test_Dss-C.bat
		test\test_java.bat = test\test_java.bat
	EndProjectSection
EndProject
Project("{2150E333-8FDC-42A3-9474-1A3956D46DE8}") = "C", "C", "{0EAC33FF-933F-4541-8E88-D0203E1A66F5}"
	ProjectSection(SolutionItems) = preProject
		test\C\CatalogTest.c = test\C\CatalogTest.c
		test\C\endian.c = test\C\endian.c
		test\C\ExampleMinuteGranularity.c = test\C\ExampleMinuteGranularity.c
		test\C\ExampleSecondGranularity.c = test\C\ExampleSecondGranularity.c
		test\C\ExampleTimeSeries1.c = test\C\ExampleTimeSeries1.c
		test\C\ExampleTimeSeries2.c = test\C\ExampleTimeSeries2.c
		test\C\expected_error.c = test\C\expected_error.c
		test\C\getopt.c = test\C\getopt.c
		test\C\GridTest.c = test\C\GridTest.c
		test\C\SamplePairedData.c = test\C\SamplePairedData.c
		test\C\SamplePairedData6.c = test\C\SamplePairedData6.c
		test\C\SamplePairedDataDoubles.c = test\C\SamplePairedDataDoubles.c
		test\C\SampleText1.c = test\C\SampleText1.c
		test\C\ts_readv6.c = test\C\ts_readv6.c
		test\C\ts_write.c = test\C\ts_write.c
		test\C\ts_write_irregular.c = test\C\ts_write_irregular.c
		test\C\unix_test = test\C\unix_test
		test\C\zopenExample.c = test\C\zopenExample.c
	EndProjectSection
EndProject
Project("{2150E333-8FDC-42A3-9474-1A3956D46DE8}") = "Java", "Java", "{7B35988C-C1A7-4037-9FD1-1ACD30E30DA7}"
	ProjectSection(SolutionItems) = preProject
		test\test_c.bat = test\test_c.bat
		test\test_chainsaw.bat = test\test_chainsaw.bat
		test\test_Dss-C.bat = test\test_Dss-C.bat
		test\test_java.bat = test\test_java.bat
	EndProjectSection
EndProject
Project("{2150E333-8FDC-42A3-9474-1A3956D46DE8}") = "tools", "tools", "{7C4FF196-0FFC-4899-A51D-9C0EE7732E00}"
EndProject
Project("{8BC9CEB8-8B4A-11D0-8D11-00A0C91BC942}") = "Dss-C", "test\Dss-C\Dss-C.vcxproj", "{5AE08C62-FA67-44AF-B9F7-76AC4F0911A8}"
	ProjectSection(ProjectDependencies) = postProject
		{DD025A40-2426-4CCE-B43A-380466B80A9A} = {DD025A40-2426-4CCE-B43A-380466B80A9A}
		{1E14E295-2F41-4E4E-A7CB-8C0A689A862B} = {1E14E295-2F41-4E4E-A7CB-8C0A689A862B}
	EndProjectSection
EndProject
Project("{2150E333-8FDC-42A3-9474-1A3956D46DE8}") = "Solution Items", "Solution Items", "{C172ED6B-06A8-4A76-A9DA-B37B615C3576}"
	ProjectSection(SolutionItems) = preProject
		build.bat = build.bat
		build32.bat = build32.bat
		README.txt = README.txt
		vs_env.bat = vs_env.bat
		vs_env32.bat = vs_env32.bat
	EndProjectSection
EndProject
Project("{6989167D-11E4-40FE-8C1A-2192A86A7E90}") = "Dss7-Fortran", "test\Fortran\Dss7-Fortran.vfproj", "{F9835160-1A39-4C33-8A49-B78CC668D3DE}"
	ProjectSection(ProjectDependencies) = postProject
		{DD025A40-2426-4CCE-B43A-380466B80A9A} = {DD025A40-2426-4CCE-B43A-380466B80A9A}
		{2CB4806F-7544-4788-93EC-A9D19AB8ECEA} = {2CB4806F-7544-4788-93EC-A9D19AB8ECEA}
		{1E14E295-2F41-4E4E-A7CB-8C0A689A862B} = {1E14E295-2F41-4E4E-A7CB-8C0A689A862B}
	EndProjectSection
EndProject
Project("{6989167D-11E4-40FE-8C1A-2192A86A7E90}") = "heclib.dll", "heclib\VB_interface\heclib.dll.vfproj", "{85B5FB94-F839-490B-9663-8B503A17BAAE}"
	ProjectSection(ProjectDependencies) = postProject
		{DD025A40-2426-4CCE-B43A-380466B80A9A} = {DD025A40-2426-4CCE-B43A-380466B80A9A}
		{1E14E295-2F41-4E4E-A7CB-8C0A689A862B} = {1E14E295-2F41-4E4E-A7CB-8C0A689A862B}
	EndProjectSection
EndProject
Project("{8BC9CEB8-8B4A-11D0-8D11-00A0C91BC942}") = "grid", "heclib\grid\grid.vcxproj", "{DA5797BB-96E9-41D8-B4AD-7937AFC6EA19}"
	ProjectSection(ProjectDependencies) = postProject
		{DD025A40-2426-4CCE-B43A-380466B80A9A} = {DD025A40-2426-4CCE-B43A-380466B80A9A}
		{1E14E295-2F41-4E4E-A7CB-8C0A689A862B} = {1E14E295-2F41-4E4E-A7CB-8C0A689A862B}
	EndProjectSection
EndProject
Project("{F184B08F-C81C-45F6-A57F-5ABD9991F28F}") = "TestHECDSS", "test\VB\TestHECDSS.vbproj", "{D6A7BCBD-1640-4C63-A247-8DEE68FA5F6D}"
	ProjectSection(ProjectDependencies) = postProject
		{DD025A40-2426-4CCE-B43A-380466B80A9A} = {DD025A40-2426-4CCE-B43A-380466B80A9A}
		{2CB4806F-7544-4788-93EC-A9D19AB8ECEA} = {2CB4806F-7544-4788-93EC-A9D19AB8ECEA}
		{85B5FB94-F839-490B-9663-8B503A17BAAE} = {85B5FB94-F839-490B-9663-8B503A17BAAE}
		{1E14E295-2F41-4E4E-A7CB-8C0A689A862B} = {1E14E295-2F41-4E4E-A7CB-8C0A689A862B}
	EndProjectSection
EndProject
Project("{2150E333-8FDC-42A3-9474-1A3956D46DE8}") = ".net", ".net", "{A9809566-6ACC-4AE1-BD4A-1497952BE4EF}"
EndProject
Project("{9A19103F-16F7-4668-BE54-9A1E7A4F7556}") = "Hec.Dss", "dotnet\Hec.Dss\Hec.Dss.csproj", "{17ED2D59-4590-4270-A89B-55F9B261E58E}"
EndProject
Project("{FAE04EC0-301F-11D3-BF4B-00C04F79EFBC}") = "DotNetTests", "dotnet\DotNetTests\DotNetTests.csproj", "{C4E4D3C7-2B03-4D2E-9C57-FAAC32483764}"
EndProject
Project("{2150E333-8FDC-42A3-9474-1A3956D46DE8}") = "dss-test-data", "dss-test-data", "{A3857474-D743-4360-BD11-D27418C31576}"
EndProject
Project("{6989167D-11E4-40FE-8C1A-2192A86A7E90}") = "javaShefDssLib", "nws_shef\javaShefDssLib.vfproj", "{CA614CEF-1ADF-4D64-A926-2F725EE07697}"
EndProject
Project("{8BC9CEB8-8B4A-11D0-8D11-00A0C91BC942}") = "hecdss", "heclib\hecdss\hecdss.vcxproj", "{B887E6CD-8AA9-4F10-8603-C588D83EC69C}"
EndProject
Project("{FAE04EC0-301F-11D3-BF4B-00C04F79EFBC}") = "PInvoke", "dotnet\PInvoke\PInvoke.csproj", "{7E65D787-80B3-438D-AB24-C88373F0764C}"
EndProject
Global
	GlobalSection(SolutionConfigurationPlatforms) = preSolution
		Debug|Any CPU = Debug|Any CPU
		Debug|Win32 = Debug|Win32
		Debug|x64 = Debug|x64
		Debug|x86 = Debug|x86
		Release|Any CPU = Release|Any CPU
		Release|Win32 = Release|Win32
		Release|x64 = Release|x64
		Release|x86 = Release|x86
	EndGlobalSection
	GlobalSection(ProjectConfigurationPlatforms) = postSolution
		{DD025A40-2426-4CCE-B43A-380466B80A9A}.Debug|Any CPU.ActiveCfg = Debug|Win32
		{DD025A40-2426-4CCE-B43A-380466B80A9A}.Debug|Win32.ActiveCfg = Debug|Win32
		{DD025A40-2426-4CCE-B43A-380466B80A9A}.Debug|Win32.Build.0 = Debug|Win32
		{DD025A40-2426-4CCE-B43A-380466B80A9A}.Debug|x64.ActiveCfg = Debug|x64
		{DD025A40-2426-4CCE-B43A-380466B80A9A}.Debug|x64.Build.0 = Debug|x64
		{DD025A40-2426-4CCE-B43A-380466B80A9A}.Debug|x86.ActiveCfg = Debug|Win32
		{DD025A40-2426-4CCE-B43A-380466B80A9A}.Debug|x86.Build.0 = Debug|Win32
		{DD025A40-2426-4CCE-B43A-380466B80A9A}.Release|Any CPU.ActiveCfg = Release|Win32
		{DD025A40-2426-4CCE-B43A-380466B80A9A}.Release|Win32.ActiveCfg = Release|Win32
		{DD025A40-2426-4CCE-B43A-380466B80A9A}.Release|Win32.Build.0 = Release|Win32
		{DD025A40-2426-4CCE-B43A-380466B80A9A}.Release|x64.ActiveCfg = Release|x64
		{DD025A40-2426-4CCE-B43A-380466B80A9A}.Release|x64.Build.0 = Release|x64
		{DD025A40-2426-4CCE-B43A-380466B80A9A}.Release|x86.ActiveCfg = Release|Win32
		{DD025A40-2426-4CCE-B43A-380466B80A9A}.Release|x86.Build.0 = Release|Win32
		{2CB4806F-7544-4788-93EC-A9D19AB8ECEA}.Debug|Any CPU.ActiveCfg = Debug|Win32
		{2CB4806F-7544-4788-93EC-A9D19AB8ECEA}.Debug|Win32.ActiveCfg = Debug|x64
		{2CB4806F-7544-4788-93EC-A9D19AB8ECEA}.Debug|x64.ActiveCfg = Debug|x64
		{2CB4806F-7544-4788-93EC-A9D19AB8ECEA}.Debug|x64.Build.0 = Debug|x64
		{2CB4806F-7544-4788-93EC-A9D19AB8ECEA}.Debug|x86.ActiveCfg = Debug|Win32
		{2CB4806F-7544-4788-93EC-A9D19AB8ECEA}.Debug|x86.Build.0 = Debug|Win32
		{2CB4806F-7544-4788-93EC-A9D19AB8ECEA}.Release|Any CPU.ActiveCfg = Release|Win32
		{2CB4806F-7544-4788-93EC-A9D19AB8ECEA}.Release|Win32.ActiveCfg = Release|x64
		{2CB4806F-7544-4788-93EC-A9D19AB8ECEA}.Release|x64.ActiveCfg = Release|x64
		{2CB4806F-7544-4788-93EC-A9D19AB8ECEA}.Release|x64.Build.0 = Release|x64
		{2CB4806F-7544-4788-93EC-A9D19AB8ECEA}.Release|x86.ActiveCfg = Release|Win32
		{2CB4806F-7544-4788-93EC-A9D19AB8ECEA}.Release|x86.Build.0 = Release|Win32
		{1E14E295-2F41-4E4E-A7CB-8C0A689A862B}.Debug|Any CPU.ActiveCfg = Debug|Win32
		{1E14E295-2F41-4E4E-A7CB-8C0A689A862B}.Debug|Win32.ActiveCfg = Debug|Win32
		{1E14E295-2F41-4E4E-A7CB-8C0A689A862B}.Debug|Win32.Build.0 = Debug|Win32
		{1E14E295-2F41-4E4E-A7CB-8C0A689A862B}.Debug|x64.ActiveCfg = Debug|x64
		{1E14E295-2F41-4E4E-A7CB-8C0A689A862B}.Debug|x64.Build.0 = Debug|x64
		{1E14E295-2F41-4E4E-A7CB-8C0A689A862B}.Debug|x86.ActiveCfg = Debug|Win32
		{1E14E295-2F41-4E4E-A7CB-8C0A689A862B}.Debug|x86.Build.0 = Debug|Win32
		{1E14E295-2F41-4E4E-A7CB-8C0A689A862B}.Release|Any CPU.ActiveCfg = Release|Win32
		{1E14E295-2F41-4E4E-A7CB-8C0A689A862B}.Release|Win32.ActiveCfg = Release|Win32
		{1E14E295-2F41-4E4E-A7CB-8C0A689A862B}.Release|Win32.Build.0 = Release|Win32
		{1E14E295-2F41-4E4E-A7CB-8C0A689A862B}.Release|x64.ActiveCfg = Release|x64
		{1E14E295-2F41-4E4E-A7CB-8C0A689A862B}.Release|x64.Build.0 = Release|x64
		{1E14E295-2F41-4E4E-A7CB-8C0A689A862B}.Release|x86.ActiveCfg = Release|Win32
		{1E14E295-2F41-4E4E-A7CB-8C0A689A862B}.Release|x86.Build.0 = Release|Win32
		{5AE08C62-FA67-44AF-B9F7-76AC4F0911A8}.Debug|Any CPU.ActiveCfg = Debug|Win32
		{5AE08C62-FA67-44AF-B9F7-76AC4F0911A8}.Debug|Win32.ActiveCfg = Debug|x64
		{5AE08C62-FA67-44AF-B9F7-76AC4F0911A8}.Debug|x64.ActiveCfg = Debug|x64
		{5AE08C62-FA67-44AF-B9F7-76AC4F0911A8}.Debug|x64.Build.0 = Debug|x64
		{5AE08C62-FA67-44AF-B9F7-76AC4F0911A8}.Debug|x86.ActiveCfg = Debug|Win32
		{5AE08C62-FA67-44AF-B9F7-76AC4F0911A8}.Debug|x86.Build.0 = Debug|Win32
		{5AE08C62-FA67-44AF-B9F7-76AC4F0911A8}.Release|Any CPU.ActiveCfg = Release|Win32
		{5AE08C62-FA67-44AF-B9F7-76AC4F0911A8}.Release|Win32.ActiveCfg = Release|x64
		{5AE08C62-FA67-44AF-B9F7-76AC4F0911A8}.Release|x64.ActiveCfg = Release|x64
		{5AE08C62-FA67-44AF-B9F7-76AC4F0911A8}.Release|x64.Build.0 = Release|x64
		{5AE08C62-FA67-44AF-B9F7-76AC4F0911A8}.Release|x86.ActiveCfg = Release|Win32
		{5AE08C62-FA67-44AF-B9F7-76AC4F0911A8}.Release|x86.Build.0 = Release|Win32
		{F9835160-1A39-4C33-8A49-B78CC668D3DE}.Debug|Any CPU.ActiveCfg = Debug|Win32
		{F9835160-1A39-4C33-8A49-B78CC668D3DE}.Debug|Win32.ActiveCfg = Debug|x64
		{F9835160-1A39-4C33-8A49-B78CC668D3DE}.Debug|x64.ActiveCfg = Debug|x64
		{F9835160-1A39-4C33-8A49-B78CC668D3DE}.Debug|x64.Build.0 = Debug|x64
		{F9835160-1A39-4C33-8A49-B78CC668D3DE}.Debug|x86.ActiveCfg = Debug|Win32
		{F9835160-1A39-4C33-8A49-B78CC668D3DE}.Debug|x86.Build.0 = Debug|Win32
		{F9835160-1A39-4C33-8A49-B78CC668D3DE}.Release|Any CPU.ActiveCfg = Release|Win32
		{F9835160-1A39-4C33-8A49-B78CC668D3DE}.Release|Win32.ActiveCfg = Release|x64
		{F9835160-1A39-4C33-8A49-B78CC668D3DE}.Release|x64.ActiveCfg = Release|x64
		{F9835160-1A39-4C33-8A49-B78CC668D3DE}.Release|x64.Build.0 = Release|x64
		{F9835160-1A39-4C33-8A49-B78CC668D3DE}.Release|x86.ActiveCfg = Release|Win32
		{F9835160-1A39-4C33-8A49-B78CC668D3DE}.Release|x86.Build.0 = Release|Win32
		{85B5FB94-F839-490B-9663-8B503A17BAAE}.Debug|Any CPU.ActiveCfg = Debug|Win32
		{85B5FB94-F839-490B-9663-8B503A17BAAE}.Debug|Win32.ActiveCfg = Debug|Win32
		{85B5FB94-F839-490B-9663-8B503A17BAAE}.Debug|Win32.Build.0 = Debug|Win32
		{85B5FB94-F839-490B-9663-8B503A17BAAE}.Debug|x64.ActiveCfg = Debug|x64
		{85B5FB94-F839-490B-9663-8B503A17BAAE}.Debug|x64.Build.0 = Debug|x64
		{85B5FB94-F839-490B-9663-8B503A17BAAE}.Debug|x86.ActiveCfg = Debug|Win32
		{85B5FB94-F839-490B-9663-8B503A17BAAE}.Debug|x86.Build.0 = Debug|Win32
		{85B5FB94-F839-490B-9663-8B503A17BAAE}.Release|Any CPU.ActiveCfg = Release|Win32
		{85B5FB94-F839-490B-9663-8B503A17BAAE}.Release|Win32.ActiveCfg = Release|Win32
		{85B5FB94-F839-490B-9663-8B503A17BAAE}.Release|Win32.Build.0 = Release|Win32
		{85B5FB94-F839-490B-9663-8B503A17BAAE}.Release|x64.ActiveCfg = Release|x64
		{85B5FB94-F839-490B-9663-8B503A17BAAE}.Release|x64.Build.0 = Release|x64
		{85B5FB94-F839-490B-9663-8B503A17BAAE}.Release|x86.ActiveCfg = Release|Win32
		{85B5FB94-F839-490B-9663-8B503A17BAAE}.Release|x86.Build.0 = Release|Win32
		{DA5797BB-96E9-41D8-B4AD-7937AFC6EA19}.Debug|Any CPU.ActiveCfg = Debug|Win32
		{DA5797BB-96E9-41D8-B4AD-7937AFC6EA19}.Debug|Win32.ActiveCfg = Debug|Win32
		{DA5797BB-96E9-41D8-B4AD-7937AFC6EA19}.Debug|Win32.Build.0 = Debug|Win32
		{DA5797BB-96E9-41D8-B4AD-7937AFC6EA19}.Debug|x64.ActiveCfg = Debug|x64
		{DA5797BB-96E9-41D8-B4AD-7937AFC6EA19}.Debug|x64.Build.0 = Debug|x64
		{DA5797BB-96E9-41D8-B4AD-7937AFC6EA19}.Debug|x86.ActiveCfg = Debug|Win32
		{DA5797BB-96E9-41D8-B4AD-7937AFC6EA19}.Debug|x86.Build.0 = Debug|Win32
		{DA5797BB-96E9-41D8-B4AD-7937AFC6EA19}.Release|Any CPU.ActiveCfg = Release|Win32
		{DA5797BB-96E9-41D8-B4AD-7937AFC6EA19}.Release|Win32.ActiveCfg = Release|Win32
		{DA5797BB-96E9-41D8-B4AD-7937AFC6EA19}.Release|Win32.Build.0 = Release|Win32
		{DA5797BB-96E9-41D8-B4AD-7937AFC6EA19}.Release|x64.ActiveCfg = Release|x64
		{DA5797BB-96E9-41D8-B4AD-7937AFC6EA19}.Release|x64.Build.0 = Release|x64
		{DA5797BB-96E9-41D8-B4AD-7937AFC6EA19}.Release|x86.ActiveCfg = Release|Win32
		{DA5797BB-96E9-41D8-B4AD-7937AFC6EA19}.Release|x86.Build.0 = Release|Win32
		{D6A7BCBD-1640-4C63-A247-8DEE68FA5F6D}.Debug|Any CPU.ActiveCfg = Debug|Any CPU
		{D6A7BCBD-1640-4C63-A247-8DEE68FA5F6D}.Debug|Any CPU.Build.0 = Debug|Any CPU
		{D6A7BCBD-1640-4C63-A247-8DEE68FA5F6D}.Debug|Win32.ActiveCfg = Debug|x64
		{D6A7BCBD-1640-4C63-A247-8DEE68FA5F6D}.Debug|x64.ActiveCfg = Debug|x64
		{D6A7BCBD-1640-4C63-A247-8DEE68FA5F6D}.Debug|x64.Build.0 = Debug|x64
		{D6A7BCBD-1640-4C63-A247-8DEE68FA5F6D}.Debug|x86.ActiveCfg = Debug|Any CPU
		{D6A7BCBD-1640-4C63-A247-8DEE68FA5F6D}.Debug|x86.Build.0 = Debug|Any CPU
		{D6A7BCBD-1640-4C63-A247-8DEE68FA5F6D}.Release|Any CPU.ActiveCfg = Release|Any CPU
		{D6A7BCBD-1640-4C63-A247-8DEE68FA5F6D}.Release|Any CPU.Build.0 = Release|Any CPU
		{D6A7BCBD-1640-4C63-A247-8DEE68FA5F6D}.Release|Win32.ActiveCfg = Release|x64
		{D6A7BCBD-1640-4C63-A247-8DEE68FA5F6D}.Release|x64.ActiveCfg = Release|x64
		{D6A7BCBD-1640-4C63-A247-8DEE68FA5F6D}.Release|x86.ActiveCfg = Release|Any CPU
		{D6A7BCBD-1640-4C63-A247-8DEE68FA5F6D}.Release|x86.Build.0 = Release|Any CPU
		{17ED2D59-4590-4270-A89B-55F9B261E58E}.Debug|Any CPU.ActiveCfg = Debug|Any CPU
		{17ED2D59-4590-4270-A89B-55F9B261E58E}.Debug|Any CPU.Build.0 = Debug|Any CPU
		{17ED2D59-4590-4270-A89B-55F9B261E58E}.Debug|Win32.ActiveCfg = Debug|Any CPU
		{17ED2D59-4590-4270-A89B-55F9B261E58E}.Debug|Win32.Build.0 = Debug|Any CPU
		{17ED2D59-4590-4270-A89B-55F9B261E58E}.Debug|x64.ActiveCfg = Debug|Any CPU
		{17ED2D59-4590-4270-A89B-55F9B261E58E}.Debug|x64.Build.0 = Debug|Any CPU
		{17ED2D59-4590-4270-A89B-55F9B261E58E}.Debug|x86.ActiveCfg = Debug|Any CPU
		{17ED2D59-4590-4270-A89B-55F9B261E58E}.Debug|x86.Build.0 = Debug|Any CPU
		{17ED2D59-4590-4270-A89B-55F9B261E58E}.Release|Any CPU.ActiveCfg = Release|Any CPU
		{17ED2D59-4590-4270-A89B-55F9B261E58E}.Release|Any CPU.Build.0 = Release|Any CPU
		{17ED2D59-4590-4270-A89B-55F9B261E58E}.Release|Win32.ActiveCfg = Release|Any CPU
		{17ED2D59-4590-4270-A89B-55F9B261E58E}.Release|Win32.Build.0 = Release|Any CPU
		{17ED2D59-4590-4270-A89B-55F9B261E58E}.Release|x64.ActiveCfg = Release|Any CPU
		{17ED2D59-4590-4270-A89B-55F9B261E58E}.Release|x64.Build.0 = Release|Any CPU
		{17ED2D59-4590-4270-A89B-55F9B261E58E}.Release|x86.ActiveCfg = Release|Any CPU
		{17ED2D59-4590-4270-A89B-55F9B261E58E}.Release|x86.Build.0 = Release|Any CPU
		{C4E4D3C7-2B03-4D2E-9C57-FAAC32483764}.Debug|Any CPU.ActiveCfg = Debug|Any CPU
		{C4E4D3C7-2B03-4D2E-9C57-FAAC32483764}.Debug|Any CPU.Build.0 = Debug|Any CPU
		{C4E4D3C7-2B03-4D2E-9C57-FAAC32483764}.Debug|Win32.ActiveCfg = Debug|Any CPU
		{C4E4D3C7-2B03-4D2E-9C57-FAAC32483764}.Debug|x64.ActiveCfg = Debug|Any CPU
		{C4E4D3C7-2B03-4D2E-9C57-FAAC32483764}.Debug|x64.Build.0 = Debug|Any CPU
		{C4E4D3C7-2B03-4D2E-9C57-FAAC32483764}.Debug|x86.ActiveCfg = Debug|Any CPU
		{C4E4D3C7-2B03-4D2E-9C57-FAAC32483764}.Debug|x86.Build.0 = Debug|Any CPU
		{C4E4D3C7-2B03-4D2E-9C57-FAAC32483764}.Release|Any CPU.ActiveCfg = Release|Any CPU
		{C4E4D3C7-2B03-4D2E-9C57-FAAC32483764}.Release|Any CPU.Build.0 = Release|Any CPU
		{C4E4D3C7-2B03-4D2E-9C57-FAAC32483764}.Release|Win32.ActiveCfg = Release|Any CPU
		{C4E4D3C7-2B03-4D2E-9C57-FAAC32483764}.Release|x64.ActiveCfg = Release|Any CPU
		{C4E4D3C7-2B03-4D2E-9C57-FAAC32483764}.Release|x64.Build.0 = Release|Any CPU
		{C4E4D3C7-2B03-4D2E-9C57-FAAC32483764}.Release|x86.ActiveCfg = Release|Any CPU
		{C4E4D3C7-2B03-4D2E-9C57-FAAC32483764}.Release|x86.Build.0 = Release|Any CPU
		{CA614CEF-1ADF-4D64-A926-2F725EE07697}.Debug|Any CPU.ActiveCfg = Debug|Win32
		{CA614CEF-1ADF-4D64-A926-2F725EE07697}.Debug|Win32.ActiveCfg = Debug|x64
		{CA614CEF-1ADF-4D64-A926-2F725EE07697}.Debug|x64.ActiveCfg = Debug|x64
		{CA614CEF-1ADF-4D64-A926-2F725EE07697}.Debug|x64.Build.0 = Debug|x64
		{CA614CEF-1ADF-4D64-A926-2F725EE07697}.Debug|x86.ActiveCfg = Debug|Win32
		{CA614CEF-1ADF-4D64-A926-2F725EE07697}.Debug|x86.Build.0 = Debug|Win32
		{CA614CEF-1ADF-4D64-A926-2F725EE07697}.Release|Any CPU.ActiveCfg = Release|Win32
		{CA614CEF-1ADF-4D64-A926-2F725EE07697}.Release|Win32.ActiveCfg = Release|x64
		{CA614CEF-1ADF-4D64-A926-2F725EE07697}.Release|x64.ActiveCfg = Release|x64
		{CA614CEF-1ADF-4D64-A926-2F725EE07697}.Release|x64.Build.0 = Release|x64
		{CA614CEF-1ADF-4D64-A926-2F725EE07697}.Release|x86.ActiveCfg = Release|Win32
		{CA614CEF-1ADF-4D64-A926-2F725EE07697}.Release|x86.Build.0 = Release|Win32
		{B887E6CD-8AA9-4F10-8603-C588D83EC69C}.Debug|Any CPU.ActiveCfg = Debug|Win32
		{B887E6CD-8AA9-4F10-8603-C588D83EC69C}.Debug|Win32.ActiveCfg = Debug|Win32
		{B887E6CD-8AA9-4F10-8603-C588D83EC69C}.Debug|Win32.Build.0 = Debug|Win32
		{B887E6CD-8AA9-4F10-8603-C588D83EC69C}.Debug|x64.ActiveCfg = Debug|x64
		{B887E6CD-8AA9-4F10-8603-C588D83EC69C}.Debug|x64.Build.0 = Debug|x64
		{B887E6CD-8AA9-4F10-8603-C588D83EC69C}.Debug|x86.ActiveCfg = Debug|Win32
		{B887E6CD-8AA9-4F10-8603-C588D83EC69C}.Debug|x86.Build.0 = Debug|Win32
		{B887E6CD-8AA9-4F10-8603-C588D83EC69C}.Release|Any CPU.ActiveCfg = Release|Win32
		{B887E6CD-8AA9-4F10-8603-C588D83EC69C}.Release|Win32.ActiveCfg = Release|Win32
		{B887E6CD-8AA9-4F10-8603-C588D83EC69C}.Release|Win32.Build.0 = Release|Win32
		{B887E6CD-8AA9-4F10-8603-C588D83EC69C}.Release|x64.ActiveCfg = Release|x64
		{B887E6CD-8AA9-4F10-8603-C588D83EC69C}.Release|x64.Build.0 = Release|x64
		{B887E6CD-8AA9-4F10-8603-C588D83EC69C}.Release|x86.ActiveCfg = Release|Win32
		{B887E6CD-8AA9-4F10-8603-C588D83EC69C}.Release|x86.Build.0 = Release|Win32
		{7E65D787-80B3-438D-AB24-C88373F0764C}.Debug|Any CPU.ActiveCfg = Debug|Any CPU
		{7E65D787-80B3-438D-AB24-C88373F0764C}.Debug|Any CPU.Build.0 = Debug|Any CPU
		{7E65D787-80B3-438D-AB24-C88373F0764C}.Debug|Win32.ActiveCfg = Debug|Any CPU
		{7E65D787-80B3-438D-AB24-C88373F0764C}.Debug|Win32.Build.0 = Debug|Any CPU
		{7E65D787-80B3-438D-AB24-C88373F0764C}.Debug|x64.ActiveCfg = Debug|Any CPU
		{7E65D787-80B3-438D-AB24-C88373F0764C}.Debug|x64.Build.0 = Debug|Any CPU
		{7E65D787-80B3-438D-AB24-C88373F0764C}.Debug|x86.ActiveCfg = Debug|Any CPU
		{7E65D787-80B3-438D-AB24-C88373F0764C}.Debug|x86.Build.0 = Debug|Any CPU
		{7E65D787-80B3-438D-AB24-C88373F0764C}.Release|Any CPU.ActiveCfg = Release|Any CPU
		{7E65D787-80B3-438D-AB24-C88373F0764C}.Release|Any CPU.Build.0 = Release|Any CPU
		{7E65D787-80B3-438D-AB24-C88373F0764C}.Release|Win32.ActiveCfg = Release|Any CPU
		{7E65D787-80B3-438D-AB24-C88373F0764C}.Release|Win32.Build.0 = Release|Any CPU
		{7E65D787-80B3-438D-AB24-C88373F0764C}.Release|x64.ActiveCfg = Release|Any CPU
		{7E65D787-80B3-438D-AB24-C88373F0764C}.Release|x64.Build.0 = Release|Any CPU
		{7E65D787-80B3-438D-AB24-C88373F0764C}.Release|x86.ActiveCfg = Release|Any CPU
		{7E65D787-80B3-438D-AB24-C88373F0764C}.Release|x86.Build.0 = Release|Any CPU
	EndGlobalSection
	GlobalSection(SolutionProperties) = preSolution
		HideSolutionNode = FALSE
	EndGlobalSection
	GlobalSection(NestedProjects) = preSolution
		{0EAC33FF-933F-4541-8E88-D0203E1A66F5} = {9A22C444-4DFB-41FC-B22B-4BE01FA80546}
		{7B35988C-C1A7-4037-9FD1-1ACD30E30DA7} = {9A22C444-4DFB-41FC-B22B-4BE01FA80546}
		{5AE08C62-FA67-44AF-B9F7-76AC4F0911A8} = {9A22C444-4DFB-41FC-B22B-4BE01FA80546}
		{C172ED6B-06A8-4A76-A9DA-B37B615C3576} = {0EAC33FF-933F-4541-8E88-D0203E1A66F5}
		{F9835160-1A39-4C33-8A49-B78CC668D3DE} = {9A22C444-4DFB-41FC-B22B-4BE01FA80546}
		{D6A7BCBD-1640-4C63-A247-8DEE68FA5F6D} = {9A22C444-4DFB-41FC-B22B-4BE01FA80546}
		{17ED2D59-4590-4270-A89B-55F9B261E58E} = {A9809566-6ACC-4AE1-BD4A-1497952BE4EF}
		{C4E4D3C7-2B03-4D2E-9C57-FAAC32483764} = {A9809566-6ACC-4AE1-BD4A-1497952BE4EF}
		{A3857474-D743-4360-BD11-D27418C31576} = {A9809566-6ACC-4AE1-BD4A-1497952BE4EF}
		{7E65D787-80B3-438D-AB24-C88373F0764C} = {A9809566-6ACC-4AE1-BD4A-1497952BE4EF}
	EndGlobalSection
	GlobalSection(ExtensibilityGlobals) = postSolution
		SolutionGuid = {EEE627C4-A271-4700-9A3E-29A8E1CE511C}
	EndGlobalSection
	GlobalSection(Performance) = preSolution
		HasPerformanceSessions = true
	EndGlobalSection
EndGlobal
