<?xml version="1.0" encoding="utf-8"?>
<Project ToolsVersion="4.0" xmlns="http://schemas.microsoft.com/developer/msbuild/2003">
  <ItemGroup>
    <Filter Include="Source Files">
      <UniqueIdentifier>{4FC737F1-C7A5-4376-A066-2A32D752A2FF}</UniqueIdentifier>
      <Extensions>cpp;c;cc;cxx;def;odl;idl;hpj;bat;asm;asmx</Extensions>
    </Filter>
    <Filter Include="Header Files">
      <UniqueIdentifier>{93995380-89BD-4b04-88EB-625FBE52EBFB}</UniqueIdentifier>
      <Extensions>h;hpp;hxx;hm;inl;inc;xsd</Extensions>
    </Filter>
    <Filter Include="Resource Files">
      <UniqueIdentifier>{67DA6AB6-F800-4c08-8B7A-83BB121AAD01}</UniqueIdentifier>
      <Extensions>rc;ico;cur;bmp;dlg;rc2;rct;bin;rgs;gif;jpg;jpeg;jpe;resx;tiff;tif;png;wav</Extensions>
    </Filter>
    <Filter Include="Source Files\Dss7">
      <UniqueIdentifier>{e3185b9f-7b4c-4d20-bd11-3c1db7fc2fcb}</UniqueIdentifier>
    </Filter>
    <Filter Include="Source Files\Dss6">
      <UniqueIdentifier>{c199a652-147f-4fa1-a3b7-d211d23455b9}</UniqueIdentifier>
    </Filter>
    <Filter Include="Source Files\Dss7\Utilities">
      <UniqueIdentifier>{6e4e1908-30fb-49e2-b247-c34f70fda764}</UniqueIdentifier>
    </Filter>
    <Filter Include="Source Files\Dss7\Utilities\DateTime">
      <UniqueIdentifier>{9bd29b6e-105d-4f1a-82a4-0a506383cc0e}</UniqueIdentifier>
    </Filter>
  </ItemGroup>
  <ItemGroup>
    <ClInclude Include="..\headers\hecdssInternal.h">
      <Filter>Header Files</Filter>
    </ClInclude>
    <ClInclude Include="..\headers\zdssKeys.h">
      <Filter>Header Files</Filter>
    </ClInclude>
    <ClInclude Include="..\headers\zdssLocking.h">
      <Filter>Header Files</Filter>
    </ClInclude>
    <ClInclude Include="..\headers\zdssMessages.h">
      <Filter>Header Files</Filter>
    </ClInclude>
    <ClInclude Include="..\headers\zdssShared.h">
      <Filter>Header Files</Filter>
    </ClInclude>
    <ClInclude Include="..\headers\zdssVals.h">
      <Filter>Header Files</Filter>
    </ClInclude>
    <ClInclude Include="..\headers\zprogress.h">
      <Filter>Header Files</Filter>
    </ClInclude>
    <ClInclude Include="..\headers\hecdss7.h">
      <Filter>Header Files</Filter>
    </ClInclude>
    <ClInclude Include="..\headers\hecdssFort.h">
      <Filter>Header Files</Filter>
    </ClInclude>
    <ClInclude Include="..\headers\heclib.h">
      <Filter>Header Files</Filter>
    </ClInclude>
    <ClInclude Include="..\headers\heclib6.h">
      <Filter>Header Files</Filter>
    </ClInclude>
    <ClInclude Include="..\headers\heclib7.h">
      <Filter>Header Files</Filter>
    </ClInclude>
    <ClInclude Include="..\headers\heclibDate.h">
      <Filter>Header Files</Filter>
    </ClInclude>
    <ClInclude Include="..\headers\zerrorCodes.h">
      <Filter>Header Files</Filter>
    </ClInclude>
    <ClInclude Include="..\headers\zopenDefault.h">
      <Filter>Header Files</Filter>
    </ClInclude>
    <ClInclude Include="..\headers\zStructAllocation.h">
      <Filter>Header Files</Filter>
    </ClInclude>
    <ClInclude Include="..\headers\zStructBasic.h">
      <Filter>Header Files</Filter>
    </ClInclude>
    <ClInclude Include="..\headers\zStructCatalog.h">
      <Filter>Header Files</Filter>
    </ClInclude>
    <ClInclude Include="..\headers\zStructLocation.h">
      <Filter>Header Files</Filter>
    </ClInclude>
    <ClInclude Include="..\headers\zStructPairedData.h">
      <Filter>Header Files</Filter>
    </ClInclude>
    <ClInclude Include="..\headers\zStructRecordSize.h">
      <Filter>Header Files</Filter>
    </ClInclude>
    <ClInclude Include="..\headers\zStructText.h">
      <Filter>Header Files</Filter>
    </ClInclude>
    <ClInclude Include="..\headers\zStructTimeSeries.h">
      <Filter>Header Files</Filter>
    </ClInclude>
    <ClInclude Include="..\headers\zStructTransfer.h">
      <Filter>Header Files</Filter>
    </ClInclude>
    <ClInclude Include="..\headers\zStructTsTimeWindow.h">
      <Filter>Header Files</Filter>
    </ClInclude>
    <ClInclude Include="..\headers\zStructRecordAddresses.h">
      <Filter>Header Files</Filter>
    </ClInclude>
    <ClInclude Include="..\headers\zStructArray.h">
      <Filter>Header Files</Filter>
    </ClInclude>
    <ClInclude Include="..\headers\zdataTypeDescriptions.h">
      <Filter>Header Files</Filter>
    </ClInclude>
    <ClInclude Include="..\headers\zStructSpatialTin.h">
      <Filter>Header Files</Filter>
    </ClInclude>
    <ClInclude Include="..\headers\zcontrol.h">
      <Filter>Header Files</Filter>
    </ClInclude>
    <ClInclude Include="..\headers\zdssMessagesFort.h">
      <Filter>Header Files</Filter>
    </ClInclude>
    <ClInclude Include="..\headers\zdssRecordDiscriptions.h">
      <Filter>Header Files</Filter>
    </ClInclude>
    <ClInclude Include="..\headers\zStructRecordBasics.h">
      <Filter>Header Files</Filter>
    </ClInclude>
    <ClInclude Include="..\headers\zStructSpatialGrid.h">
      <Filter>Header Files</Filter>
    </ClInclude>
  </ItemGroup>
  <ItemGroup>
    <ClCompile Include="..\Dss7\Public\zwhatChanged.c">
      <Filter>Source Files</Filter>
    </ClCompile>
    <ClCompile Include="..\Dss7\Public\zwhatChangedCompare.c">
      <Filter>Source Files</Filter>
    </ClCompile>
    <ClCompile Include="..\Dss7\Public\zwhatChangedSetStart.c">
      <Filter>Source Files</Filter>
    </ClCompile>
    <ClCompile Include="..\Dss7\Internal\zcatalogInternal.c">
      <Filter>Source Files</Filter>
    </ClCompile>
    <ClCompile Include="..\Dss7\Internal\zinit.c">
      <Filter>Source Files</Filter>
    </ClCompile>
    <ClCompile Include="..\Dss7\Internal\zmemoryFree.c">
      <Filter>Source Files</Filter>
    </ClCompile>
    <ClCompile Include="..\Dss7\Public\zstructFree.c">
      <Filter>Source Files</Filter>
    </ClCompile>
    <ClCompile Include="..\Dss7\Public\zgetDataCRC.c">
      <Filter>Source Files</Filter>
    </ClCompile>
    <ClCompile Include="..\Dss7\Public\zpathnameCompare.c">
      <Filter>Source Files</Filter>
    </ClCompile>
    <ClCompile Include="..\Dss7\Public\zarrayRetrieve.c">
      <Filter>Source Files</Filter>
    </ClCompile>
    <ClCompile Include="..\Dss7\Public\zarrayStore.c">
      <Filter>Source Files</Filter>
    </ClCompile>
    <ClCompile Include="..\Dss7\SemiPublic\zcompareDataSets.c">
      <Filter>Source Files</Filter>
    </ClCompile>
    <ClCompile Include="..\Dss7\Public\zstructArrayNew.c">
      <Filter>Source Files</Filter>
    </ClCompile>
    <ClCompile Include="..\Dss7\Internal\zgetFunctionName.c">
      <Filter>Source Files</Filter>
    </ClCompile>
    <ClCompile Include="..\Dss7\Public\ztextRetrieve.c">
      <Filter>Source Files</Filter>
    </ClCompile>
    <ClCompile Include="..\Dss7\Internal\zreadInternal.c">
      <Filter>Source Files</Filter>
    </ClCompile>
    <ClCompile Include="..\Dss7\Public\ztsRetrievePattern.c">
      <Filter>Source Files</Filter>
    </ClCompile>
    <ClCompile Include="..\Dss7\Public\zstructTextNew.c">
      <Filter>Source Files</Filter>
    </ClCompile>
    <ClCompile Include="..\Dss7\Internal\zcloseInternal.c">
      <Filter>Source Files</Filter>
    </ClCompile>
    <ClCompile Include="..\Dss7\Internal\ztsStoreReg7.c">
      <Filter>Source Files</Filter>
    </ClCompile>
    <ClCompile Include="..\Dss7\Internal\ztsProcessTimes.c">
      <Filter>Source Files</Filter>
    </ClCompile>
    <ClCompile Include="..\Dss7\Internal\ztsStoreIrreg7.c">
      <Filter>Source Files</Filter>
    </ClCompile>
    <ClCompile Include="..\Dss7\Public\ztsRetrieve.c">
      <Filter>Source Files</Filter>
    </ClCompile>
    <ClCompile Include="..\Dss7\Public\ztsStore.c">
      <Filter>Source Files</Filter>
    </ClCompile>
    <ClCompile Include="..\Dss7\Internal\ztsIrregStoreBlock.c">
      <Filter>Source Files</Filter>
    </ClCompile>
    <ClCompile Include="..\Dss7\Internal\ztsRegAddTimes.c">
      <Filter>Source Files</Filter>
    </ClCompile>
    <ClCompile Include="..\Dss7\Public\ztsOffset.c">
      <Filter>Source Files</Filter>
    </ClCompile>
    <ClCompile Include="..\Dss7\Internal\ztsAggregate.c">
      <Filter>Source Files</Filter>
    </ClCompile>
    <ClCompile Include="..\Dss7\Internal\ztsDisaggregate.c">
      <Filter>Source Files</Filter>
    </ClCompile>
    <ClCompile Include="..\Dss7\Internal\ztsInternalHeaderUnpack.c">
      <Filter>Source Files</Filter>
    </ClCompile>
    <ClCompile Include="..\Dss7\Internal\ztsMessTimeWindow.c">
      <Filter>Source Files</Filter>
    </ClCompile>
    <ClCompile Include="..\Dss7\Internal\ztsRetrieveReg7.c">
      <Filter>Source Files</Filter>
    </ClCompile>
    <ClCompile Include="..\Dss7\SemiPublic\ztsGetPathTimeWindow.c">
      <Filter>Source Files</Filter>
    </ClCompile>
    <ClCompile Include="..\Dss7\Public\zduplicateRecord.c">
      <Filter>Source Files</Filter>
    </ClCompile>
    <ClCompile Include="..\Dss7\Internal\zcopyRecordInternal.c">
      <Filter>Source Files</Filter>
    </ClCompile>
    <ClCompile Include="..\Dss7\Public\ztextStore.c">
      <Filter>Source Files</Filter>
    </ClCompile>
    <ClCompile Include="..\Dss7\Public\zcopyFile.c">
      <Filter>Source Files</Filter>
    </ClCompile>
    <ClCompile Include="..\Dss7\Public\zsqueeze7.c">
      <Filter>Source Files</Filter>
    </ClCompile>
    <ClCompile Include="..\Dss7\Internal\zpermCreate.c">
      <Filter>Source Files</Filter>
    </ClCompile>
    <ClCompile Include="..\Dss7\Internal\zerrorProcessing.c">
      <Filter>Source Files</Filter>
    </ClCompile>
    <ClCompile Include="..\Dss7\Internal\zprintFileInfo.c">
      <Filter>Source Files</Filter>
    </ClCompile>
    <ClCompile Include="..\Dss7\Internal\zinitIfltab.c">
      <Filter>Source Files</Filter>
    </ClCompile>
    <ClCompile Include="..\Dss7\Internal\zopenInternal.c">
      <Filter>Source Files</Filter>
    </ClCompile>
    <ClCompile Include="..\Dss7\Internal\zprintKeys.c">
      <Filter>Source Files</Filter>
    </ClCompile>
    <ClCompile Include="..\Dss7\Public\zsetFile.c">
      <Filter>Source Files</Filter>
    </ClCompile>
    <ClCompile Include="..\Dss7\Internal\zcheckInternal.c">
      <Filter>Source Files</Filter>
    </ClCompile>
    <ClCompile Include="..\Dss7\Internal\zcheckMultiUser.c">
      <Filter>Source Files</Filter>
    </ClCompile>
    <ClCompile Include="..\Dss7\Internal\zpidWrite.c">
      <Filter>Source Files</Filter>
    </ClCompile>
    <ClCompile Include="..\Dss7\SemiPublic\zfileAccessInfo.c">
      <Filter>Source Files</Filter>
    </ClCompile>
    <ClCompile Include="..\Dss7\Internal\zsetCatalogSortAddresses.c">
      <Filter>Source Files</Filter>
    </ClCompile>
    <ClCompile Include="..\Dss7\Internal\zerrorUpdate.c">
      <Filter>Source Files</Filter>
    </ClCompile>
    <ClCompile Include="..\Dss7\Internal\zerrorSave.c">
      <Filter>Source Files</Filter>
    </ClCompile>
    <ClCompile Include="..\Dss7\Internal\zput.c">
      <Filter>Source Files</Filter>
    </ClCompile>
    <ClCompile Include="..\Dss7\Internal\zwriteNew.c">
      <Filter>Source Files</Filter>
    </ClCompile>
    <ClCompile Include="..\Dss7\Internal\zcatInternalSort.c">
      <Filter>Source Files</Filter>
    </ClCompile>
    <ClCompile Include="..\Dss7\SemiPublic\zplist7.c">
      <Filter>Source Files</Filter>
    </ClCompile>
    <ClCompile Include="..\Dss7\Internal\zreclaimRead.c">
      <Filter>Source Files</Filter>
    </ClCompile>
    <ClCompile Include="..\Dss7\Internal\zwriteOld.c">
      <Filter>Source Files</Filter>
    </ClCompile>
    <ClCompile Include="..\Dss7\Public\zaliasAdd.c">
      <Filter>Source Files</Filter>
    </ClCompile>
    <ClCompile Include="..\Dss7\Internal\zcheckKeys.c">
      <Filter>Source Files</Filter>
    </ClCompile>
    <ClCompile Include="..\Dss7\Internal\zmemoryGet.c">
      <Filter>Source Files</Filter>
    </ClCompile>
    <ClCompile Include="..\Dss7\Internal\zpermRead.c">
      <Filter>Source Files</Filter>
    </ClCompile>
    <ClCompile Include="..\Dss7\Internal\zpermWrite.c">
      <Filter>Source Files</Filter>
    </ClCompile>
    <ClCompile Include="..\Dss7\Internal\zwriteEOF.c">
      <Filter>Source Files</Filter>
    </ClCompile>
    <ClCompile Include="..\Dss7\Internal\zwriteEOFandFlush.c">
      <Filter>Source Files</Filter>
    </ClCompile>
    <ClCompile Include="..\Dss7\Internal\zhash.c">
      <Filter>Source Files</Filter>
    </ClCompile>
    <ClCompile Include="..\Dss7\Public\zrename.c">
      <Filter>Source Files</Filter>
    </ClCompile>
    <ClCompile Include="..\Dss7\Public\zaliasRemove.c">
      <Filter>Source Files</Filter>
    </ClCompile>
    <ClCompile Include="..\Dss7\Public\zaliasRemoveAll.c">
      <Filter>Source Files</Filter>
    </ClCompile>
    <ClCompile Include="..\Dss7\Internal\zreclaimWrite.c">
      <Filter>Source Files</Filter>
    </ClCompile>
    <ClCompile Include="..\Dss7\Internal\zloadCache.c">
      <Filter>Source Files</Filter>
    </ClCompile>
    <ClCompile Include="..\Dss7\SemiPublic\zgetRecordAddresses.c">
      <Filter>Source Files</Filter>
    </ClCompile>
    <ClCompile Include="..\Dss7\Internal\zreclaimSet.c">
      <Filter>Source Files</Filter>
    </ClCompile>
    <ClCompile Include="..\Dss7\Internal\zreleaseFileSpace.c">
      <Filter>Source Files</Filter>
    </ClCompile>
    <ClCompile Include="..\Dss7\Internal\ztsRetrieveIrreg7.c">
      <Filter>Source Files</Filter>
    </ClCompile>
    <ClCompile Include="..\Dss7\Internal\zupdatePathStats.c">
      <Filter>Source Files</Filter>
    </ClCompile>
    <ClCompile Include="..\Dss7\Internal\zwriteInternal.c">
      <Filter>Source Files</Filter>
    </ClCompile>
    <ClCompile Include="..\Dss7\Public\zsqueezeNeeded.c">
      <Filter>Source Files</Filter>
    </ClCompile>
    <ClCompile Include="..\Dss7\Internal\zbinNew.c">
      <Filter>Source Files</Filter>
    </ClCompile>
    <ClCompile Include="..\Dss7\Internal\zbinUpdate.c">
      <Filter>Source Files</Filter>
    </ClCompile>
    <ClCompile Include="..\Dss7\Internal\zdeleteInternal.c">
      <Filter>Source Files</Filter>
    </ClCompile>
    <ClCompile Include="..\Dss7\Internal\zget.c">
      <Filter>Source Files</Filter>
    </ClCompile>
    <ClCompile Include="..\Dss7\Internal\zgetBuff.c">
      <Filter>Source Files</Filter>
    </ClCompile>
    <ClCompile Include="..\Dss7\Internal\zgetCatalogSortAddresses.c">
      <Filter>Source Files</Filter>
    </ClCompile>
    <ClCompile Include="..\Dss7\Internal\zgetFileSpace.c">
      <Filter>Source Files</Filter>
    </ClCompile>
    <ClCompile Include="..\Dss7\Internal\zlocationUpdatePerm.c">
      <Filter>Source Files</Filter>
    </ClCompile>
    <ClCompile Include="..\Dss7\Public\zgetLastWriteTimeFile.c">
      <Filter>Source Files</Filter>
    </ClCompile>
    <ClCompile Include="..\Dss7\Public\zinquire.c">
      <Filter>Source Files</Filter>
    </ClCompile>
    <ClCompile Include="..\Dss7\SemiPublic\zcheckHashTable.c">
      <Filter>Source Files</Filter>
    </ClCompile>
    <ClCompile Include="..\Dss7\SemiPublic\zcheckInfo.c">
      <Filter>Source Files</Filter>
    </ClCompile>
    <ClCompile Include="..\Dss7\SemiPublic\zcheckLinks.c">
      <Filter>Source Files</Filter>
    </ClCompile>
    <ClCompile Include="..\Dss7\SemiPublic\zcheckPathnameBins.c">
      <Filter>Source Files</Filter>
    </ClCompile>
    <ClCompile Include="..\Dss7\SemiPublic\zcheckPathnames.c">
      <Filter>Source Files</Filter>
    </ClCompile>
    <ClCompile Include="..\Dss7\SemiPublic\zmaxPart.c">
      <Filter>Source Files</Filter>
    </ClCompile>
    <ClCompile Include="..\Dss7\Internal\znewFileSize.c">
      <Filter>Source Files</Filter>
    </ClCompile>
    <ClCompile Include="..\Dss7\Internal\zsetMessageLevel.c">
      <Filter>Source Files</Filter>
    </ClCompile>
    <ClCompile Include="..\Dss7\Public\zopenLog.c">
      <Filter>Source Files</Filter>
    </ClCompile>
    <ClCompile Include="..\Dss7\Public\zquery.c">
      <Filter>Source Files</Filter>
    </ClCompile>
    <ClCompile Include="..\Dss7\Public\zset7.c">
      <Filter>Source Files</Filter>
    </ClCompile>
    <ClCompile Include="..\Dss7\Internal\zgetRecordSize7.c">
      <Filter>Source Files</Filter>
    </ClCompile>
    <ClCompile Include="..\Dss7\Internal\zreadInfo.c">
      <Filter>Source Files</Filter>
    </ClCompile>
    <ClCompile Include="..\Dss7\Internal\ztsGetSizesInternal.c">
      <Filter>Source Files</Filter>
    </ClCompile>
    <ClCompile Include="..\Dss7\Internal\ztsIrregReadBlock.c">
      <Filter>Source Files</Filter>
    </ClCompile>
    <ClCompile Include="..\Dss7\Internal\ztsRegReadBlock.c">
      <Filter>Source Files</Filter>
    </ClCompile>
    <ClCompile Include="..\Dss7\Internal\ztsRegStoreBlock.c">
      <Filter>Source Files</Filter>
    </ClCompile>
    <ClCompile Include="..\Dss7\Public\zaliasGetPrimary.c">
      <Filter>Source Files</Filter>
    </ClCompile>
    <ClCompile Include="..\Dss7\Public\zaliasNumber.c">
      <Filter>Source Files</Filter>
    </ClCompile>
    <ClCompile Include="..\Dss7\SemiPublic\ztsGetFirstLastRecordTimes.c">
      <Filter>Source Files</Filter>
    </ClCompile>
    <ClCompile Include="..\Dss7\Utilities\DateTime\yearMonthDayToDate.c">
      <Filter>Source Files</Filter>
    </ClCompile>
    <ClCompile Include="..\Dss7\Public\zcatalog.c">
      <Filter>Source Files</Filter>
    </ClCompile>
    <ClCompile Include="..\Dss7\Public\zstructCatalogNew.c">
      <Filter>Source Files</Filter>
    </ClCompile>
    <ClCompile Include="..\Dss7\Public\zundeleteAll.c">
      <Filter>Source Files</Filter>
    </ClCompile>
    <ClCompile Include="..\Dss7\SemiPublic\ztsGetFirstLastPathnames.c">
      <Filter>Source Files</Filter>
    </ClCompile>
    <ClCompile Include="..\Dss7\Internal\zcatSortPath.c">
      <Filter>Source Files</Filter>
    </ClCompile>
    <ClCompile Include="..\Dss7\Public\zstructTransferNew.c">
      <Filter>Source Files</Filter>
    </ClCompile>
    <ClCompile Include="..\Dss7\Internal\zflushToDisk.c">
      <Filter>Source Files</Filter>
    </ClCompile>
    <ClCompile Include="..\Dss7\SemiPublic\zgetProgress.c">
      <Filter>Source Files</Filter>
    </ClCompile>
    <ClCompile Include="..\Dss7\SemiPublic\zresetProgress.c">
      <Filter>Source Files</Filter>
    </ClCompile>
    <ClCompile Include="..\Dss7\SemiPublic\zsetInterrupt.c">
      <Filter>Source Files</Filter>
    </ClCompile>
    <ClCompile Include="..\Dss7\Public\ztypeName.c">
      <Filter>Source Files</Filter>
    </ClCompile>
    <ClCompile Include="..\Dss7\Public\ztextStoreFromFile.c">
      <Filter>Source Files</Filter>
    </ClCompile>
    <ClCompile Include="..\Dss7\Public\ztextRetrieveToFile.c">
      <Filter>Source Files</Filter>
    </ClCompile>
    <ClCompile Include="..\Dss7\Public\ztextStructPrint.c">
      <Filter>Source Files</Filter>
    </ClCompile>
    <ClCompile Include="..\Dss7\Public\zstructTextStringNew.c">
      <Filter>Source Files</Filter>
    </ClCompile>
    <ClCompile Include="..\Dss7\Public\zstructPdNew.c">
      <Filter>Source Files</Filter>
    </ClCompile>
    <ClCompile Include="..\Dss7\Public\zstructRecordSizeNew.c">
      <Filter>Source Files</Filter>
    </ClCompile>
    <ClCompile Include="..\Dss7\Public\zstructPdNewFloats.c">
      <Filter>Source Files</Filter>
    </ClCompile>
    <ClCompile Include="..\Dss7\Public\zstructPdNewDoubles.c">
      <Filter>Source Files</Filter>
    </ClCompile>
    <ClCompile Include="..\Dss7\Public\zstructLocationNew.c">
      <Filter>Source Files</Filter>
    </ClCompile>
    <ClCompile Include="..\Dss7\Public\ztsGetDateRange.c">
      <Filter>Source Files</Filter>
    </ClCompile>
    <ClCompile Include="..\Dss7\Internal\zcatComparePath.c">
      <Filter>Source Files</Filter>
    </ClCompile>
    <ClCompile Include="..\Dss7\Internal\zcatParsePath.c">
      <Filter>Source Files</Filter>
    </ClCompile>
    <ClCompile Include="..\Dss7\Public\ztsGetInterval.c">
      <Filter>Source Files</Filter>
    </ClCompile>
    <ClCompile Include="..\Dss7\SemiPublic\ztsIsCurrentTimeSeries.c">
      <Filter>Source Files</Filter>
    </ClCompile>
    <ClCompile Include="..\Dss7\Public\ztsPathCheckInterval.c">
      <Filter>Source Files</Filter>
    </ClCompile>
    <ClCompile Include="..\Dss7\Public\zpdRetrieve.c">
      <Filter>Source Files</Filter>
    </ClCompile>
    <ClCompile Include="..\Dss7\Public\zpdStore.c">
      <Filter>Source Files</Filter>
    </ClCompile>
    <ClCompile Include="..\Dss7\Internal\zmessageInterface.c">
      <Filter>Source Files</Filter>
    </ClCompile>
    <ClCompile Include="..\Dss7\Internal\ztsWriteBlock.c">
      <Filter>Source Files</Filter>
    </ClCompile>
    <ClCompile Include="..\Dss7\Public\zbinaryRetrieveToFile.c">
      <Filter>Source Files</Filter>
    </ClCompile>
    <ClCompile Include="..\Dss7\Public\zbinaryStoreFromFile.c">
      <Filter>Source Files</Filter>
    </ClCompile>
    <ClCompile Include="..\Dss7\Internal\zerrorDecode.c">
      <Filter>Source Files</Filter>
    </ClCompile>
    <ClCompile Include="..\Dss7\Utilities\longWithCommas.c">
      <Filter>Source Files</Filter>
    </ClCompile>
    <ClCompile Include="..\Dss7\Utilities\f4toi8.c">
      <Filter>Source Files</Filter>
    </ClCompile>
    <ClCompile Include="..\Dss7\Internal\zgetInternalPath.c">
      <Filter>Source Files</Filter>
    </ClCompile>
    <ClCompile Include="..\Dss7\Internal\ztsTrim.c">
      <Filter>Source Files</Filter>
    </ClCompile>
    <ClCompile Include="..\Dss7\Public\zcatalogFile.c">
      <Filter>Source Files</Filter>
    </ClCompile>
    <ClCompile Include="..\Dss7\Public\zlocationStore.c">
      <Filter>Source Files</Filter>
    </ClCompile>
    <ClCompile Include="..\Dss7\Public\zstructTsNewTimeWindow.c">
      <Filter>Source Files</Filter>
    </ClCompile>
    <ClCompile Include="..\Dss7\Utilities\printCurrentTime.c">
      <Filter>Source Files</Filter>
    </ClCompile>
    <ClCompile Include="..\Dss7\Utilities\printDoubles.c">
      <Filter>Source Files</Filter>
    </ClCompile>
    <ClCompile Include="..\Dss7\Public\zcatalogToFile.c">
      <Filter>Source Files</Filter>
    </ClCompile>
    <ClCompile Include="..\Dss7\Utilities\sortfiles.c">
      <Filter>Source Files</Filter>
    </ClCompile>
    <ClCompile Include="..\Dss7\System\zfileName.c">
      <Filter>Source Files</Filter>
    </ClCompile>
    <ClCompile Include="..\Dss7\Internal\zmessageLevel.c">
      <Filter>Source Files</Filter>
    </ClCompile>
    <ClCompile Include="..\Dss7\System\zopendisk.c">
      <Filter>Source Files</Filter>
    </ClCompile>
    <ClCompile Include="..\Dss7\Internal\zmessageDebug.c">
      <Filter>Source Files</Filter>
    </ClCompile>
    <ClCompile Include="..\Dss7\Utilities\i8tof4.c">
      <Filter>Source Files</Filter>
    </ClCompile>
    <ClCompile Include="..\Dss7\Utilities\zmissingFlag.c">
      <Filter>Source Files</Filter>
    </ClCompile>
    <ClCompile Include="..\Dss7\Utilities\stringLastNonBlank.c">
      <Filter>Source Files</Filter>
    </ClCompile>
    <ClCompile Include="..\Dss7\Internal\ztsInternalHeaderPack.c">
      <Filter>Source Files</Filter>
    </ClCompile>
    <ClCompile Include="..\Dss7\Utilities\mallocAndCopy.c">
      <Filter>Source Files</Filter>
    </ClCompile>
    <ClCompile Include="..\Dss7\Public\zpathnameCompareCollection.c">
      <Filter>Source Files</Filter>
    </ClCompile>
    <ClCompile Include="..\Dss7\Utilities\stringCopy.c">
      <Filter>Source Files</Filter>
    </ClCompile>
    <ClCompile Include="..\Dss7\Internal\zerrorMessage.c">
      <Filter>Source Files</Filter>
    </ClCompile>
    <ClCompile Include="..\Dss7\Internal\zpdUnitsToHead.c">
      <Filter>Source Files</Filter>
    </ClCompile>
    <ClCompile Include="..\Dss7\Internal\ztsDateMessage.c">
      <Filter>Source Files</Filter>
    </ClCompile>
    <ClCompile Include="..\Dss7\Public\zlocationRetrieve.c">
      <Filter>Source Files</Filter>
    </ClCompile>
    <ClCompile Include="..\Dss7\SemiPublic\zerrorSpecifics.c">
      <Filter>Source Files</Filter>
    </ClCompile>
    <ClCompile Include="..\Dss7\Utilities\copyAndTrim.c">
      <Filter>Source Files</Filter>
    </ClCompile>
    <ClCompile Include="..\Dss7\Utilities\DateTime\dateToYearMonthDay.c">
      <Filter>Source Files</Filter>
    </ClCompile>
    <ClCompile Include="..\Dss7\Utilities\DateTime\julianToDate.c">
      <Filter>Source Files</Filter>
    </ClCompile>
    <ClCompile Include="..\Dss7\Public\zstructTsNewTimes.c">
      <Filter>Source Files</Filter>
    </ClCompile>
    <ClCompile Include="..\Dss7\Utilities\DateTime\getDateAndTime.c">
      <Filter>Source Files</Filter>
    </ClCompile>
    <ClCompile Include="..\Dss7\Utilities\stringCToFort.c">
      <Filter>Source Files</Filter>
    </ClCompile>
    <ClCompile Include="..\Dss7\Utilities\DateTime\minutesToHourMin.c">
      <Filter>Source Files</Filter>
    </ClCompile>
    <ClCompile Include="..\Dss7\Utilities\stringFortToC.c">
      <Filter>Source Files</Filter>
    </ClCompile>
    <ClCompile Include="..\Dss7\Utilities\stringFill.c">
      <Filter>Source Files</Filter>
    </ClCompile>
    <ClCompile Include="..\Dss7\Utilities\DateTime\getCurrentDateString.c">
      <Filter>Source Files</Filter>
    </ClCompile>
    <ClCompile Include="..\Dss7\Utilities\DateTime\dateToJulian.c">
      <Filter>Source Files</Filter>
    </ClCompile>
    <ClCompile Include="..\Dss7\Public\zpathnameClean.c">
      <Filter>Source Files</Filter>
    </ClCompile>
    <ClCompile Include="..\Dss7\SemiPublic\zerror.c">
      <Filter>Source Files</Filter>
    </ClCompile>
    <ClCompile Include="..\Dss7\Public\zpathnameSetPart.c">
      <Filter>Source Files</Filter>
    </ClCompile>
    <ClCompile Include="..\Dss7\Public\zstructTsNew.c">
      <Filter>Source Files</Filter>
    </ClCompile>
    <ClCompile Include="..\Dss7\Utilities\mallocAndCopyPath.c">
      <Filter>Source Files</Filter>
    </ClCompile>
    <ClCompile Include="..\Dss7\Internal\ztsIrregMessage.c">
      <Filter>Source Files</Filter>
    </ClCompile>
    <ClCompile Include="..\Dss7\Public\zgetVersion.c">
      <Filter>Source Files</Filter>
    </ClCompile>
    <ClCompile Include="..\Dss7\Utilities\i4toi8.c">
      <Filter>Source Files</Filter>
    </ClCompile>
    <ClCompile Include="..\Dss7\Utilities\i8toi4.c">
      <Filter>Source Files</Filter>
    </ClCompile>
    <ClCompile Include="..\Dss7\Internal\ztsTimeMessage.c">
      <Filter>Source Files</Filter>
    </ClCompile>
    <ClCompile Include="..\Dss7\Public\zpathnameForm.c">
      <Filter>Source Files</Filter>
    </ClCompile>
    <ClCompile Include="..\Dss7\Utilities\toFixedFields.c">
      <Filter>Source Files</Filter>
    </ClCompile>
    <ClCompile Include="..\Dss7\Public\zcheckFile.c">
      <Filter>Source Files</Filter>
    </ClCompile>
    <ClCompile Include="..\Dss7\Utilities\getLastInt.c">
      <Filter>Source Files</Filter>
    </ClCompile>
    <ClCompile Include="..\Dss7\Internal\zmessage.c">
      <Filter>Source Files</Filter>
    </ClCompile>
    <ClCompile Include="..\Dss7\Internal\zisaCollection.c">
      <Filter>Source Files</Filter>
    </ClCompile>
    <ClCompile Include="..\Dss7\Internal\zcollectionsPath.c">
      <Filter>Source Files</Filter>
    </ClCompile>
    <ClCompile Include="..\Dss7\Utilities\zeroFill.c">
      <Filter>Source Files</Filter>
    </ClCompile>
    <ClCompile Include="..\Dss7\Utilities\trimLength.c">
      <Filter>Source Files</Filter>
    </ClCompile>
    <ClCompile Include="..\Dss7\Internal\zmessConcat.c">
      <Filter>Source Files</Filter>
    </ClCompile>
    <ClCompile Include="..\Dss7\Utilities\DateTime\getCurrentDateTimeString.c">
      <Filter>Source Files</Filter>
    </ClCompile>
    <ClCompile Include="..\Dss7\Utilities\DateTime\getCurrentTimeString.c">
      <Filter>Source Files</Filter>
    </ClCompile>
    <ClCompile Include="..\Dss7\Utilities\DateTime\getDateTimeString.c">
      <Filter>Source Files</Filter>
    </ClCompile>
    <ClCompile Include="..\Dss7\Utilities\DateTime\secondsToTimeString.c">
      <Filter>Source Files</Filter>
    </ClCompile>
    <ClCompile Include="..\Dss7\Utilities\getFileFromPath.c">
      <Filter>Source Files</Filter>
    </ClCompile>
    <ClCompile Include="..\Dss7\System\zreaddisk.c">
      <Filter>Source Files</Filter>
    </ClCompile>
    <ClCompile Include="..\Dss7\System\zwritedisk.c">
      <Filter>Source Files</Filter>
    </ClCompile>
    <ClCompile Include="..\Dss7\Internal\ztsIrregMergeBlocks.c">
      <Filter>Source Files</Filter>
    </ClCompile>
    <ClCompile Include="..\Dss7\Utilities\copyLines.c">
      <Filter>Source Files</Filter>
    </ClCompile>
    <ClCompile Include="..\Dss7\Public\zpathnamePartLengths.c">
      <Filter>Source Files</Filter>
    </ClCompile>
    <ClCompile Include="..\Dss7\Public\zpathnamePartPositions.c">
      <Filter>Source Files</Filter>
    </ClCompile>
    <ClCompile Include="..\Dss7\SemiPublic\ztsGetStandardInterval.c">
      <Filter>Source Files</Filter>
    </ClCompile>
    <ClCompile Include="..\Dss7\Public\zpathnameAddPart.c">
      <Filter>Source Files</Filter>
    </ClCompile>
    <ClCompile Include="..\Dss7\Public\zpathnameGetPart.c">
      <Filter>Source Files</Filter>
    </ClCompile>
    <ClCompile Include="..\Dss7\Utilities\numberBytesInCharArray.c">
      <Filter>Source Files</Filter>
    </ClCompile>
    <ClCompile Include="..\Dss7\Internal\zputBuff.c">
      <Filter>Source Files</Filter>
    </ClCompile>
    <ClCompile Include="..\Dss7\Utilities\catsort.c">
      <Filter>Source Files</Filter>
    </ClCompile>
    <ClCompile Include="..\Dss7\Utilities\DateTime\minsToDateTime.c">
      <Filter>Source Files</Filter>
    </ClCompile>
    <ClCompile Include="..\Dss7\Utilities\isOdd.c">
      <Filter>Source Files</Filter>
    </ClCompile>
    <ClCompile Include="..\Dss7\Internal\zerrorSeverity.c">
      <Filter>Source Files</Filter>
    </ClCompile>
    <ClCompile Include="..\Dss7\SemiPublic\zisError.c">
      <Filter>Source Files</Filter>
    </ClCompile>
    <ClCompile Include="..\Dss7\Public\zfindString.c">
      <Filter>Source Files</Filter>
    </ClCompile>
    <ClCompile Include="..\Dss7\Internal\zerrorEncode.c">
      <Filter>Source Files</Filter>
    </ClCompile>
    <ClCompile Include="..\Dss7\Utilities\DateTime\cleanTime.c">
      <Filter>Source Files</Filter>
    </ClCompile>
    <ClCompile Include="..\Dss7\Utilities\DateTime\compareTimes.c">
      <Filter>Source Files</Filter>
    </ClCompile>
    <ClCompile Include="..\Dss7\System\getCurrentDateTime.c">
      <Filter>Source Files</Filter>
    </ClCompile>
    <ClCompile Include="..\Dss7\System\getCurrentTimeMillis.c">
      <Filter>Source Files</Filter>
    </ClCompile>
    <ClCompile Include="..\Dss7\Utilities\DateTime\isTimeInRange.c">
      <Filter>Source Files</Filter>
    </ClCompile>
    <ClCompile Include="..\Dss7\Internal\ztsFirstLastValidValues.c">
      <Filter>Source Files</Filter>
    </ClCompile>
    <ClCompile Include="..\Dss7\Public\zstructTsNewRegFloats.c">
      <Filter>Source Files</Filter>
    </ClCompile>
    <ClCompile Include="..\Dss7\Public\zstructTsNewRegDoubles.c">
      <Filter>Source Files</Filter>
    </ClCompile>
    <ClCompile Include="..\Dss7\Public\zstructTsNewIrregFloats.c">
      <Filter>Source Files</Filter>
    </ClCompile>
    <ClCompile Include="..\Dss7\Public\zstructTsNewIrregDoubles.c">
      <Filter>Source Files</Filter>
    </ClCompile>
    <ClCompile Include="..\Dss7\Internal\ztsTrimAdjustTimeWindow.c">
      <Filter>Source Files</Filter>
    </ClCompile>
    <ClCompile Include="..\Dss7\Internal\ztsRegRepeatCompress.c">
      <Filter>Source Files</Filter>
    </ClCompile>
    <ClCompile Include="..\Dss7\Internal\ztsRegRepeatUncompress.c">
      <Filter>Source Files</Filter>
    </ClCompile>
    <ClCompile Include="..\Dss7\Utilities\convertIntArray.c">
      <Filter>Source Files</Filter>
    </ClCompile>
    <ClCompile Include="..\Dss7\Utilities\fillArray.c">
      <Filter>Source Files</Filter>
    </ClCompile>
    <ClCompile Include="..\Dss7\Utilities\floatToDouble.c">
      <Filter>Source Files</Filter>
    </ClCompile>
    <ClCompile Include="..\Dss7\Utilities\doubleToFloat.c">
      <Filter>Source Files</Filter>
    </ClCompile>
    <ClCompile Include="..\Dss7\Utilities\convertDataArray.c">
      <Filter>Source Files</Filter>
    </ClCompile>
    <ClCompile Include="..\Dss7\Utilities\convertDataLength.c">
      <Filter>Source Files</Filter>
    </ClCompile>
    <ClCompile Include="..\Dss7\Utilities\convertDataType.c">
      <Filter>Source Files</Filter>
    </ClCompile>
    <ClCompile Include="..\Dss7\Internal\ztsIrregGetBlockStart.c">
      <Filter>Source Files</Filter>
    </ClCompile>
    <ClCompile Include="..\Dss7\Internal\ztsRegGetBlockStart.c">
      <Filter>Source Files</Filter>
    </ClCompile>
    <ClCompile Include="..\Dss7\Internal\ztsIncrementBlock.c">
      <Filter>Source Files</Filter>
    </ClCompile>
    <ClCompile Include="..\Dss7\Public\ztsOffsetAdjustToStandard.c">
      <Filter>Source Files</Filter>
    </ClCompile>
    <ClCompile Include="..\Dss7\Public\ztsOffsetAdjustToOffset.c">
      <Filter>Source Files</Filter>
    </ClCompile>
    <ClCompile Include="..\Dss7\Utilities\DateTime\incrementTime.c">
      <Filter>Source Files</Filter>
    </ClCompile>
    <ClCompile Include="..\Dss7\Utilities\DateTime\numberPeriods.c">
      <Filter>Source Files</Filter>
    </ClCompile>
    <ClCompile Include="..\Dss7\Utilities\DateTime\dayOfWeek.c">
      <Filter>Source Files</Filter>
    </ClCompile>
    <ClCompile Include="..\Dss7\Utilities\DateTime\isLeapYear.c">
      <Filter>Source Files</Filter>
    </ClCompile>
    <ClCompile Include="..\Dss7\Utilities\DateTime\yearMonthDayToJulian.c">
      <Filter>Source Files</Filter>
    </ClCompile>
    <ClCompile Include="..\Dss7\Utilities\DateTime\isTimeDefined.c">
      <Filter>Source Files</Filter>
    </ClCompile>
    <ClCompile Include="..\Dss7\Internal\zmessageZget.c">
      <Filter>Source Files</Filter>
    </ClCompile>
    <ClCompile Include="..\Dss7\Internal\zflushBuffers.c">
      <Filter>Source Files</Filter>
    </ClCompile>
    <ClCompile Include="..\Dss7\Internal\zmessageZput.c">
      <Filter>Source Files</Filter>
    </ClCompile>
    <ClCompile Include="..\Dss7\Utilities\reverseNonNumeric.c">
      <Filter>Source Files</Filter>
    </ClCompile>
    <ClCompile Include="..\Dss7\Utilities\findInt.c">
      <Filter>Source Files</Filter>
    </ClCompile>
    <ClCompile Include="..\Dss7\SemiPublic\zstructGetType.c">
      <Filter>Source Files</Filter>
    </ClCompile>
    <ClCompile Include="..\Dss7\Public\zgetFileVersion.c">
      <Filter>Source Files</Filter>
    </ClCompile>
    <ClCompile Include="..\Dss7\Internal\zcompareRecordStatus.c">
      <Filter>Source Files</Filter>
    </ClCompile>
    <ClCompile Include="..\Dss7\Utilities\trimPositions.c">
      <Filter>Source Files</Filter>
    </ClCompile>
    <ClCompile Include="..\Dss7\Utilities\DateTime\timeStringToSecondsMills.c">
      <Filter>Source Files</Filter>
    </ClCompile>
    <ClCompile Include="..\Dss7\Utilities\doublesToFloats.c">
      <Filter>Source Files</Filter>
    </ClCompile>
    <ClCompile Include="..\Dss7\Utilities\DateTime\timeStringToSeconds.c">
      <Filter>Source Files</Filter>
    </ClCompile>
    <ClCompile Include="..\Dss7\Utilities\intTo2char.c">
      <Filter>Source Files</Filter>
    </ClCompile>
    <ClCompile Include="..\Dss7\Utilities\intTo4char.c">
      <Filter>Source Files</Filter>
    </ClCompile>
    <ClCompile Include="..\Dss7\Utilities\DateTime\julianToYearMonthDay.c">
      <Filter>Source Files</Filter>
    </ClCompile>
    <ClCompile Include="..\Dss7\Utilities\upperCase.c">
      <Filter>Source Files</Filter>
    </ClCompile>
    <ClCompile Include="..\Dss7\Utilities\lowerCase.c">
      <Filter>Source Files</Filter>
    </ClCompile>
    <ClCompile Include="..\Dss7\Internal\zerrorEncodeHigh.c">
      <Filter>Source Files</Filter>
    </ClCompile>
    <ClCompile Include="..\Dss7\Utilities\numberLongsInInts.c">
      <Filter>Source Files</Filter>
    </ClCompile>
    <ClCompile Include="..\Dss7\Utilities\numberIntsInLongs.c">
      <Filter>Source Files</Filter>
    </ClCompile>
    <ClCompile Include="..\Dss7\Utilities\numberIntsInBytes.c">
      <Filter>Source Files</Filter>
    </ClCompile>
    <ClCompile Include="..\Dss7\Utilities\numberLongsInBytes.c">
      <Filter>Source Files</Filter>
    </ClCompile>
    <ClCompile Include="..\Dss7\Utilities\floatsToDoubles.c">
      <Filter>Source Files</Filter>
    </ClCompile>
    <ClCompile Include="..\Dss6\C\closf.c">
      <Filter>Source Files</Filter>
    </ClCompile>
    <ClCompile Include="..\Dss6\C\filesize.c">
      <Filter>Source Files</Filter>
    </ClCompile>
    <ClCompile Include="..\Dss6\C\flushf.c">
      <Filter>Source Files</Filter>
    </ClCompile>
    <ClCompile Include="..\Dss6\C\isonlocaldrive.c">
      <Filter>Source Files</Filter>
    </ClCompile>
    <ClCompile Include="..\Dss6\C\lockdss.c">
      <Filter>Source Files</Filter>
    </ClCompile>
    <ClCompile Include="..\Dss6\C\openf.c">
      <Filter>Source Files</Filter>
    </ClCompile>
    <ClCompile Include="..\Dss6\C\readf.c">
      <Filter>Source Files</Filter>
    </ClCompile>
    <ClCompile Include="..\Dss6\C\seekf.c">
      <Filter>Source Files</Filter>
    </ClCompile>
    <ClCompile Include="..\Dss6\C\writf.c">
      <Filter>Source Files</Filter>
    </ClCompile>
    <ClCompile Include="..\Dss6\C\zcatalog6Internal.c">
      <Filter>Source Files</Filter>
    </ClCompile>
    <ClCompile Include="..\Dss6\C\zgetRecordSize6.c">
      <Filter>Source Files</Filter>
    </ClCompile>
    <ClCompile Include="..\Dss6\C\ztsGetSizes6.c">
      <Filter>Source Files</Filter>
    </ClCompile>
    <ClCompile Include="..\Dss6\C\ztsRetrieveIrreg6.c">
      <Filter>Source Files</Filter>
    </ClCompile>
    <ClCompile Include="..\Dss6\C\ztsRetrieveReg6.c">
      <Filter>Source Files</Filter>
    </ClCompile>
    <ClCompile Include="..\Dss6\C\ztsStoreIrreg6.c">
      <Filter>Source Files</Filter>
    </ClCompile>
    <ClCompile Include="..\Dss6\C\ztsStoreReg6.c">
      <Filter>Source Files</Filter>
    </ClCompile>
    <ClCompile Include="..\Dss7\SemiPublic\zmessageCombined.c">
      <Filter>Source Files</Filter>
    </ClCompile>
    <ClCompile Include="..\DssInterface\v6and7\C\ztsOtherStuff.c">
      <Filter>Source Files</Filter>
    </ClCompile>
    <ClCompile Include="..\DssInterface\v6and7\C\zcopyRecord.c">
      <Filter>Source Files</Filter>
    </ClCompile>
    <ClCompile Include="..\DssInterface\v6and7\C\zconvertVersion.c">
      <Filter>Source Files</Filter>
    </ClCompile>
    <ClCompile Include="..\DssInterface\CandFortran\C\ztsRetrieveRegArgs.c">
      <Filter>Source Files</Filter>
    </ClCompile>
    <ClCompile Include="..\DssInterface\v6and7\C\zdataType.c">
      <Filter>Source Files</Filter>
    </ClCompile>
    <ClCompile Include="..\DssInterface\v6and7\C\zrecordAddresses.c">
      <Filter>Source Files</Filter>
    </ClCompile>
    <ClCompile Include="..\DssInterface\v6and7\C\zgetInfo.c">
      <Filter>Source Files</Filter>
    </ClCompile>
    <ClCompile Include="..\DssInterface\CandFortran\C\ztssrch7_.c">
      <Filter>Source Files</Filter>
    </ClCompile>
    <ClCompile Include="..\DssInterface\CandFortran\C\ztextStoreUnit_.c">
      <Filter>Source Files</Filter>
    </ClCompile>
    <ClCompile Include="..\DssInterface\CandFortran\C\ztextRetrieveUnit_.c">
      <Filter>Source Files</Filter>
    </ClCompile>
    <ClCompile Include="..\DssInterface\CandFortran\C\zsits7_.c">
      <Filter>Source Files</Filter>
    </ClCompile>
    <ClCompile Include="..\DssInterface\CandFortran\C\ztsStoreIrregArgs.c">
      <Filter>Source Files</Filter>
    </ClCompile>
    <ClCompile Include="..\DssInterface\CandFortran\C\ztsStoreRegArgs.c">
      <Filter>Source Files</Filter>
    </ClCompile>
    <ClCompile Include="..\DssInterface\CandFortran\C\zgetinterval_.c">
      <Filter>Source Files</Filter>
    </ClCompile>
    <ClCompile Include="..\DssInterface\CandFortran\C\zpathnameFormFortran_.c">
      <Filter>Source Files</Filter>
    </ClCompile>
    <ClCompile Include="..\DssInterface\CandFortran\C\zpathnameGetPart_.c">
      <Filter>Source Files</Filter>
    </ClCompile>
    <ClCompile Include="..\DssInterface\v6and7\C\ztsGetSizes.c">
      <Filter>Source Files</Filter>
    </ClCompile>
    <ClCompile Include="..\DssInterface\v6and7\C\zhandle.c">
      <Filter>Source Files</Filter>
    </ClCompile>
    <ClCompile Include="..\DssInterface\v6and7\C\zreadc.c">
      <Filter>Source Files</Filter>
    </ClCompile>
    <ClCompile Include="..\DssInterface\v6and7\C\zreadx.c">
      <Filter>Source Files</Filter>
    </ClCompile>
    <ClCompile Include="..\DssInterface\CandFortran\C\ztsinfo7_.c">
      <Filter>Source Files</Filter>
    </ClCompile>
    <ClCompile Include="..\DssInterface\CandFortran\C\ztsends_.c">
      <Filter>Source Files</Filter>
    </ClCompile>
    <ClCompile Include="..\DssInterface\v6and7\C\zgetRecordSize.c">
      <Filter>Source Files</Filter>
    </ClCompile>
    <ClCompile Include="..\DssInterface\v6and7\C\zpdRetrieve6.c">
      <Filter>Source Files</Filter>
    </ClCompile>
    <ClCompile Include="..\DssInterface\v6and7\C\zpdStore6.c">
      <Filter>Source Files</Filter>
    </ClCompile>
    <ClCompile Include="..\DssInterface\v6and7\C\zread.c">
      <Filter>Source Files</Filter>
    </ClCompile>
    <ClCompile Include="..\DssInterface\v6and7\C\zsqueeze.c">
      <Filter>Source Files</Filter>
    </ClCompile>
    <ClCompile Include="..\DssInterface\v6and7\C\zset.c">
      <Filter>Source Files</Filter>
    </ClCompile>
    <ClCompile Include="..\DssInterface\CandFortran\C\zrpdi7_.c">
      <Filter>Source Files</Filter>
    </ClCompile>
    <ClCompile Include="..\DssInterface\CandFortran\C\zclose_.c">
      <Filter>Source Files</Filter>
    </ClCompile>
    <ClCompile Include="..\DssInterface\v6and7\C\zclose.c">
      <Filter>Source Files</Filter>
    </ClCompile>
    <ClCompile Include="..\DssInterface\CandFortran\C\zopen_.c">
      <Filter>Source Files</Filter>
    </ClCompile>
    <ClCompile Include="..\DssInterface\CandFortran\C\zopenExtended_.c">
      <Filter>Source Files</Filter>
    </ClCompile>
    <ClCompile Include="..\DssInterface\v6and7\C\zopen.c">
      <Filter>Source Files</Filter>
    </ClCompile>
    <ClCompile Include="..\DssInterface\v6and7\C\zopenExtended.c">
      <Filter>Source Files</Filter>
    </ClCompile>
    <ClCompile Include="..\DssInterface\CandFortran\C\ztextstorearray_.c">
      <Filter>Source Files</Filter>
    </ClCompile>
    <ClCompile Include="..\DssInterface\CandFortran\C\ztsRetrieveIrregArgs.c">
      <Filter>Source Files</Filter>
    </ClCompile>
    <ClCompile Include="..\DssInterface\CandFortran\C\zpdStore_.c">
      <Filter>Source Files</Filter>
    </ClCompile>
    <ClCompile Include="..\DssInterface\v6and7\C\zcheck.c">
      <Filter>Source Files</Filter>
    </ClCompile>
    <ClCompile Include="..\DssInterface\CandFortran\C\secondsToTimeString_.c">
      <Filter>Source Files</Filter>
    </ClCompile>
    <ClCompile Include="..\DssInterface\CandFortran\C\zquery7_.c">
      <Filter>Source Files</Filter>
    </ClCompile>
    <ClCompile Include="..\DssInterface\CandFortran\C\zritsi7_.c">
      <Filter>Source Files</Filter>
    </ClCompile>
    <ClCompile Include="..\DssInterface\CandFortran\C\ztextRetrieveArray_.c">
      <Filter>Source Files</Filter>
    </ClCompile>
    <ClCompile Include="..\DssInterface\CandFortran\C\ztsIrregRetrieveFull_.c">
      <Filter>Source Files</Filter>
    </ClCompile>
    <ClCompile Include="..\DssInterface\v6and7\C\zreada.c">
      <Filter>Source Files</Filter>
    </ClCompile>
    <ClCompile Include="..\DssInterface\v6and7\C\zwrite.c">
      <Filter>Source Files</Filter>
    </ClCompile>
    <ClCompile Include="..\DssInterface\v6and7\C\zwritea.c">
      <Filter>Source Files</Filter>
    </ClCompile>
    <ClCompile Include="..\DssInterface\v6and7\C\zwritec.c">
      <Filter>Source Files</Filter>
    </ClCompile>
    <ClCompile Include="..\DssInterface\v6and7\C\zwritex.c">
      <Filter>Source Files</Filter>
    </ClCompile>
    <ClCompile Include="..\DssInterface\CandFortran\C\zcheckfilever_.c">
      <Filter>Source Files</Filter>
    </ClCompile>
    <ClCompile Include="..\DssInterface\CandFortran\C\zdelete_.c">
      <Filter>Source Files</Filter>
    </ClCompile>
    <ClCompile Include="..\DssInterface\CandFortran\C\ztextRetrieveString_.c">
      <Filter>Source Files</Filter>
    </ClCompile>
    <ClCompile Include="..\DssInterface\CandFortran\C\zundelete_.c">
      <Filter>Source Files</Filter>
    </ClCompile>
    <ClCompile Include="..\DssInterface\CandFortran\C\ztsStoreStuff.c">
      <Filter>Source Files</Filter>
    </ClCompile>
    <ClCompile Include="..\DssInterface\CandFortran\C\zspdi7_.c">
      <Filter>Source Files</Filter>
    </ClCompile>
    <ClCompile Include="..\DssInterface\v6and7\C\zputInfo.c">
      <Filter>Source Files</Filter>
    </ClCompile>
    <ClCompile Include="..\DssInterface\CandFortran\C\zrtxts7_.c">
      <Filter>Source Files</Filter>
    </ClCompile>
    <ClCompile Include="..\DssInterface\CandFortran\C\zirbeg7_.c">
      <Filter>Source Files</Filter>
    </ClCompile>
    <ClCompile Include="..\DssInterface\v6and7\C\zdelete.c">
      <Filter>Source Files</Filter>
    </ClCompile>
    <ClCompile Include="..\DssInterface\v6and7\C\zundelete.c">
      <Filter>Source Files</Filter>
    </ClCompile>
    <ClCompile Include="..\DssInterface\CandFortran\C\ztsIrregStoreFull_.c">
      <Filter>Source Files</Filter>
    </ClCompile>
    <ClCompile Include="..\DssInterface\CandFortran\C\zdebugout7.c">
      <Filter>Source Files</Filter>
    </ClCompile>
    <ClCompile Include="..\DssInterface\CandFortran\C\timeStringToSeconds_.c">
      <Filter>Source Files</Filter>
    </ClCompile>
    <ClCompile Include="..\DssInterface\CandFortran\C\missingFlag_.c">
      <Filter>Source Files</Filter>
    </ClCompile>
    <ClCompile Include="..\DssInterface\CandFortran\C\zgetVersion_.c">
      <Filter>Source Files</Filter>
    </ClCompile>
    <ClCompile Include="..\DssInterface\CandFortran\C\zerrorDecode_.c">
      <Filter>Source Files</Filter>
    </ClCompile>
    <ClCompile Include="..\DssInterface\CandFortran\C\zget_.c">
      <Filter>Source Files</Filter>
    </ClCompile>
    <ClCompile Include="..\DssInterface\CandFortran\C\zfname.c">
      <Filter>Source Files</Filter>
    </ClCompile>
    <ClCompile Include="..\Dss7\Internal\zreadInfoBlock.c">
      <Filter>Source Files</Filter>
    </ClCompile>
    <ClCompile Include="..\Dss7\Public\zstructSpatialTinNew.c">
      <Filter>Source Files</Filter>
    </ClCompile>
    <ClCompile Include="..\Dss7\Public\zspatialTinRetrieve.c">
      <Filter>Source Files</Filter>
    </ClCompile>
    <ClCompile Include="..\Dss7\Public\zspatialTinStore.c">
      <Filter>Source Files</Filter>
    </ClCompile>
    <ClCompile Include="..\Dss7\Public\zaliasList.c">
      <Filter>Source Files</Filter>
    </ClCompile>
    <ClCompile Include="..\Dss7\Public\zinquireChar.c">
      <Filter>Source Files</Filter>
    </ClCompile>
    <ClCompile Include="..\Dss7\Utilities\isValidChar.c">
      <Filter>Source Files</Filter>
    </ClCompile>
    <ClCompile Include="..\Dss7\SemiPublic\zlocationStructValid.c">
      <Filter>Source Files</Filter>
    </ClCompile>
    <ClCompile Include="..\Dss7\Public\zlocationPath.c">
      <Filter>Source Files</Filter>
    </ClCompile>
    <ClCompile Include="..\Dss7\Public\ztsGetEPartFromInterval.c">
      <Filter>Source Files</Filter>
    </ClCompile>
    <ClCompile Include="..\Dss7\Internal\ztsPathCompatible.c">
      <Filter>Source Files</Filter>
    </ClCompile>
    <ClCompile Include="..\Dss7\Public\ztsGetDateTimeRange.c">
      <Filter>Source Files</Filter>
    </ClCompile>
    <ClCompile Include="..\Dss7\Utilities\DateTime\spatialDateTime.c">
      <Filter>Source Files</Filter>
    </ClCompile>
    <ClCompile Include="..\Dss7\Internal\zgetRecordBasics7.c">
      <Filter>Source Files</Filter>
    </ClCompile>
    <ClCompile Include="..\DssInterface\v6and7\C\zgetRecordBasics.c">
      <Filter>Source Files</Filter>
    </ClCompile>
    <ClCompile Include="..\Dss6\C\zgetRecordBasics6.c">
      <Filter>Source Files</Filter>
    </ClCompile>
    <ClCompile Include="..\Dss7\Public\zstructRecordBasicsNew.c">
      <Filter>Source Files</Filter>
    </ClCompile>
    <ClCompile Include="..\Dss7\Public\zgetMyLastWriteTime.c">
      <Filter>Source Files</Filter>
    </ClCompile>
    <ClCompile Include="..\Dss7\Public\zgetLastWriteTimeRec.c">
      <Filter>Source Files</Filter>
    </ClCompile>
    <ClCompile Include="..\Dss7\Internal\zcheckAccessReset.c">
      <Filter>Source Files</Filter>
    </ClCompile>
    <ClCompile Include="..\Dss7\SemiPublic\ztsStorePattern.c">
      <Filter>Source Files</Filter>
    </ClCompile>
    <ClCompile Include="..\Dss7\Internal\zlockActive.c">
      <Filter>Source Files</Filter>
    </ClCompile>
    <ClCompile Include="..\Dss7\Internal\zlockPassive.c">
      <Filter>Source Files</Filter>
    </ClCompile>
    <ClCompile Include="..\Dss7\Public\zcollectionCat.c">
      <Filter>Source Files</Filter>
    </ClCompile>
    <ClCompile Include="..\Dss7\Internal\charInt.c">
      <Filter>Source Files</Filter>
    </ClCompile>
    <ClCompile Include="..\Dss7\Internal\charLong.c">
      <Filter>Source Files</Filter>
    </ClCompile>
    <ClCompile Include="..\Dss7\System\zlockdss.c">
      <Filter>Source Files</Filter>
    </ClCompile>
    <ClCompile Include="..\Dss7\System\closeFile.c">
      <Filter>Source Files</Filter>
    </ClCompile>
    <ClCompile Include="..\Dss7\System\zfileSize.c">
      <Filter>Source Files</Filter>
    </ClCompile>
    <ClCompile Include="..\Dss7\System\readBytes.c">
      <Filter>Source Files</Filter>
    </ClCompile>
    <ClCompile Include="..\Dss7\System\writeBytes.c">
      <Filter>Source Files</Filter>
    </ClCompile>
    <ClCompile Include="..\Dss7\System\flushFile.c">
      <Filter>Source Files</Filter>
    </ClCompile>
    <ClCompile Include="..\Dss7\System\zswap.c">
      <Filter>Source Files</Filter>
    </ClCompile>
    <ClCompile Include="..\Dss7\System\getEndian.c">
      <Filter>Source Files</Filter>
    </ClCompile>
    <ClCompile Include="..\Dss7\System\zopenFile.c">
      <Filter>Source Files</Filter>
    </ClCompile>
    <ClCompile Include="..\Dss7\Utilities\stringCat.c">
      <Filter>Source Files</Filter>
    </ClCompile>
    <ClCompile Include="..\Dss7\Public\zlocationDelete.c">
      <Filter>Source Files</Filter>
    </ClCompile>
    <ClCompile Include="..\Dss7\Utilities\itoa.c">
      <Filter>Source Files</Filter>
    </ClCompile>
    <ClCompile Include="..\Dss7\Utilities\strnlen_hec.c">
      <Filter>Source Files</Filter>
    </ClCompile>
    <ClCompile Include="..\Dss6\C\waits.c">
      <Filter>Source Files</Filter>
    </ClCompile>
    <ClCompile Include="..\Dss7\System\zswitchInts.c">
      <Filter>Source Files</Filter>
    </ClCompile>
    <ClCompile Include="..\Dss7\Utilities\DateTime\millsToDateTime.c">
      <Filter>Source Files</Filter>
    </ClCompile>
    <ClCompile Include="..\Dss7\Public\zlibcompress.c">
      <Filter>Source Files</Filter>
    </ClCompile>
    <ClCompile Include="..\Dss7\Public\zstructSpatialGridNew.c">
      <Filter>Source Files</Filter>
    </ClCompile>
    <ClCompile Include="..\Dss7\Public\zspatialGridRetrieve.c">
      <Filter>Source Files</Filter>
    </ClCompile>
    <ClCompile Include="..\Dss7\Public\zspatialGridStore.c">
      <Filter>Source Files</Filter>
    </ClCompile>
    <ClCompile Include="..\Dss7\Public\zanalyzeFile.c">
      <Filter>Source Files</Filter>
    </ClCompile>
    <ClCompile Include="..\Dss7\Internal\zlockingOld.c">
      <Filter>Source Files</Filter>
    </ClCompile>
    <ClCompile Include="..\Dss7\Utilities\mallocAndCopyTrim.c">
      <Filter>Source Files</Filter>
    </ClCompile>
    <ClCompile Include="..\Dss7\Utilities\DateTime\addCentury.c">
      <Filter>Source Files\Dss7\Utilities\DateTime</Filter>
    </ClCompile>
    <ClCompile Include="..\Dss7\Internal\zcharTo8Byte.c">
      <Filter>Source Files</Filter>
    </ClCompile>
    <ClCompile Include="..\Dss6\C\deleteFile.c">
      <Filter>Source Files</Filter>
    </ClCompile>
    <ClCompile Include="..\Dss7\System\zswitchDoubles.c">
      <Filter>Source Files</Filter>
    </ClCompile>
    <ClCompile Include="..\Dss7\Public\zsetCollectionSequence.c">
      <Filter>Source Files</Filter>
    </ClCompile>
    <ClCompile Include="..\Dss7\Public\zstructTsClone.c">
      <Filter>Source Files</Filter>
    </ClCompile>
    <ClCompile Include="..\Dss7\Public\zstructTsCloneNewTimes.c">
      <Filter>Source Files</Filter>
    </ClCompile>
  </ItemGroup>
  <ItemGroup>
    <None Include="Makefile.Linux" />
    <None Include="Makefile.Solaris" />
  </ItemGroup>
</Project>