<?xml version="1.0" encoding="utf-8"?>
<Project ToolsVersion="4.0" xmlns="http://schemas.microsoft.com/developer/msbuild/2003">
  <ItemGroup>
    <Filter Include="Source Files">
      <UniqueIdentifier>{4FC737F1-C7A5-4376-A066-2A32D752A2FF}</UniqueIdentifier>
      <Extensions>cpp;c;cc;cxx;def;odl;idl;hpj;bat;asm;asmx</Extensions>
    </Filter>
    <Filter Include="Header Files">
      <UniqueIdentifier>{93995380-89BD-4b04-88EB-625FBE52EBFB}</UniqueIdentifier>
      <Extensions>h;hh;hpp;hxx;hm;inl;inc;ipp;xsd</Extensions>
    </Filter>
    <Filter Include="Resource Files">
      <UniqueIdentifier>{67DA6AB6-F800-4c08-8B7A-83BB121AAD01}</UniqueIdentifier>
      <Extensions>rc;ico;cur;bmp;dlg;rc2;rct;bin;rgs;gif;jpg;jpeg;jpe;resx;tiff;tif;png;wav;mfcribbon-ms</Extensions>
    </Filter>
  </ItemGroup>
  <ItemGroup>
    <ClInclude Include="DSSGrid.h">
      <Filter>Source Files</Filter>
    </ClInclude>
    <ClInclude Include="DSSAlbersInfo.h">
      <Filter>Source Files</Filter>
    </ClInclude>
    <ClInclude Include="DSSAlbersInfoFlat.h">
      <Filter>Source Files</Filter>
    </ClInclude>
    <ClInclude Include="DSSDataCompression.h">
      <Filter>Source Files</Filter>
    </ClInclude>
    <ClInclude Include="DSSGridData.h">
      <Filter>Source Files</Filter>
    </ClInclude>
    <ClInclude Include="DSSGridInfo.h">
      <Filter>Source Files</Filter>
    </ClInclude>
    <ClInclude Include="DSSGridInfoFlat.h">
      <Filter>Source Files</Filter>
    </ClInclude>
    <ClInclude Include="DSSHrapInfo.h">
      <Filter>Source Files</Filter>
    </ClInclude>
    <ClInclude Include="DSSHrapInfoFlat.h">
      <Filter>Source Files</Filter>
    </ClInclude>
    <ClInclude Include="DSSSpecifiedGridInfo.h">
      <Filter>Source Files</Filter>
    </ClInclude>
    <ClInclude Include="DSSSpecifiedGridInfoFlat.h">
      <Filter>Source Files</Filter>
    </ClInclude>
    <ClInclude Include="pch.h">
      <Filter>Source Files</Filter>
    </ClInclude>
    <ClInclude Include="DssUtility.h">
      <Filter>Header Files</Filter>
    </ClInclude>
    <ClInclude Include="HecDateTime.h">
      <Filter>Header Files</Filter>
    </ClInclude>
    <ClInclude Include="ArgParse.h">
      <Filter>Source Files</Filter>
    </ClInclude>
    <ClInclude Include="EsriAsciiGrid.h">
      <Filter>Header Files</Filter>
    </ClInclude>
  </ItemGroup>
  <ItemGroup>
    <ClCompile Include="DSSGrid.cpp">
      <Filter>Source Files</Filter>
    </ClCompile>
    <ClCompile Include="DSSGridData.cpp">
      <Filter>Source Files</Filter>
    </ClCompile>
    <ClCompile Include="DSSAlbersInfo.cpp">
      <Filter>Source Files</Filter>
    </ClCompile>
    <ClCompile Include="DSSAlbersInfoFlat.cpp">
      <Filter>Source Files</Filter>
    </ClCompile>
    <ClCompile Include="DSSDataCompression.cpp">
      <Filter>Source Files</Filter>
    </ClCompile>
    <ClCompile Include="DSSGridInfo.cpp">
      <Filter>Source Files</Filter>
    </ClCompile>
    <ClCompile Include="DSSGridInfoFlat.cpp">
      <Filter>Source Files</Filter>
    </ClCompile>
    <ClCompile Include="DSSHrapInfo.cpp">
      <Filter>Source Files</Filter>
    </ClCompile>
    <ClCompile Include="DSSHrapInfoFlat.cpp">
      <Filter>Source Files</Filter>
    </ClCompile>
    <ClCompile Include="DSSSpecifiedGridInfo.cpp">
      <Filter>Source Files</Filter>
    </ClCompile>
    <ClCompile Include="DSSSpecifiedGridInfoFlat.cpp">
      <Filter>Source Files</Filter>
    </ClCompile>
    <ClCompile Include="pch.cpp">
      <Filter>Source Files</Filter>
    </ClCompile>
    <ClCompile Include="DssUtility.cpp">
      <Filter>Source Files</Filter>
    </ClCompile>
    <ClCompile Include="HecDateTime.cpp">
      <Filter>Source Files</Filter>
    </ClCompile>
    <ClCompile Include="ArgParse.cpp">
      <Filter>Source Files</Filter>
    </ClCompile>
    <ClCompile Include="EsriAsciiGrid.cpp">
      <Filter>Source Files</Filter>
    </ClCompile>
  </ItemGroup>
</Project>